// !$*UTF8*$!
{
	archiveVersion = 1;
	classes = {
	};
	objectVersion = 46;
	objects = {

/* Begin PBXBuildFile section */
		E82429001C481A830074A8E7 /* TopicTableViewController.swift in Sources */ = {isa = PBXBuildFile; fileRef = E82428FF1C481A830074A8E7 /* TopicTableViewController.swift */; };
		E82429021C482B500074A8E7 /* TopicViewController.swift in Sources */ = {isa = PBXBuildFile; fileRef = E82429011C482B500074A8E7 /* TopicViewController.swift */; };
		E82AB0F81CAC458B000AB317 /* AppDelegate.swift in Sources */ = {isa = PBXBuildFile; fileRef = E82AFC161C48168200788A32 /* AppDelegate.swift */; };
		E82AB0FA1CAC4CC1000AB317 /* Word.swift in Sources */ = {isa = PBXBuildFile; fileRef = E82AB0F91CAC4CC1000AB317 /* Word.swift */; };
		E82AB0FC1CAC519A000AB317 /* DictionaryTableViewController.swift in Sources */ = {isa = PBXBuildFile; fileRef = E82AB0FB1CAC519A000AB317 /* DictionaryTableViewController.swift */; };
		E82AFBD81C48140700788A32 /* Main.storyboard in Resources */ = {isa = PBXBuildFile; fileRef = E82AFBD61C48140700788A32 /* Main.storyboard */; };
		E82AFBDA1C48140700788A32 /* Assets.xcassets in Resources */ = {isa = PBXBuildFile; fileRef = E82AFBD91C48140700788A32 /* Assets.xcassets */; };
		E82AFBDD1C48140700788A32 /* LaunchScreen.storyboard in Resources */ = {isa = PBXBuildFile; fileRef = E82AFBDB1C48140700788A32 /* LaunchScreen.storyboard */; };
		E82AFBE81C48140700788A32 /* GeervaniTests.swift in Sources */ = {isa = PBXBuildFile; fileRef = E82AFBE71C48140700788A32 /* GeervaniTests.swift */; };
		E82AFBF31C48140700788A32 /* GeervaniUITests.swift in Sources */ = {isa = PBXBuildFile; fileRef = E82AFBF21C48140700788A32 /* GeervaniUITests.swift */; };
		E82AFC061C48142300788A32 /* Assets.xcassets in Resources */ = {isa = PBXBuildFile; fileRef = E82AFC011C48142300788A32 /* Assets.xcassets */; };
		E82AFC071C48142300788A32 /* Base.lproj in Resources */ = {isa = PBXBuildFile; fileRef = E82AFC021C48142300788A32 /* Base.lproj */; };
		E82AFC081C48142300788A32 /* Info.plist in Resources */ = {isa = PBXBuildFile; fileRef = E82AFC031C48142300788A32 /* Info.plist */; };
		E82AFC111C4814F200788A32 /* GeervaniController.swift in Sources */ = {isa = PBXBuildFile; fileRef = E82AFC0C1C4814F200788A32 /* GeervaniController.swift */; };
		E82AFC151C4814F200788A32 /* SubhashitaViewController.swift in Sources */ = {isa = PBXBuildFile; fileRef = E82AFC101C4814F200788A32 /* SubhashitaViewController.swift */; };
		E84905571C4E7AB30010C5D8 /* SentenceTableViewController.swift in Sources */ = {isa = PBXBuildFile; fileRef = E84905561C4E7AB30010C5D8 /* SentenceTableViewController.swift */; };
		E8597E671C52B941005EC1A7 /* FileReaderHelper.swift in Sources */ = {isa = PBXBuildFile; fileRef = E8597E661C52B941005EC1A7 /* FileReaderHelper.swift */; };
		E8597E831C536AFA005EC1A7 /* Commerce.txt in Resources */ = {isa = PBXBuildFile; fileRef = E8597E6B1C536AFA005EC1A7 /* Commerce.txt */; };
		E8597E841C536AFA005EC1A7 /* Domestic.txt in Resources */ = {isa = PBXBuildFile; fileRef = E8597E6C1C536AFA005EC1A7 /* Domestic.txt */; };
		E8597E851C536AFA005EC1A7 /* DressJewelry.txt in Resources */ = {isa = PBXBuildFile; fileRef = E8597E6D1C536AFA005EC1A7 /* DressJewelry.txt */; };
		E8597E861C536AFA005EC1A7 /* DressJwellery.txt in Resources */ = {isa = PBXBuildFile; fileRef = E8597E6E1C536AFA005EC1A7 /* DressJwellery.txt */; };
		E8597E871C536AFA005EC1A7 /* Etiquettes.txt in Resources */ = {isa = PBXBuildFile; fileRef = E8597E6F1C536AFA005EC1A7 /* Etiquettes.txt */; };
		E8597E881C536AFA005EC1A7 /* Examination.txt in Resources */ = {isa = PBXBuildFile; fileRef = E8597E701C536AFA005EC1A7 /* Examination.txt */; };
		E8597E891C536AFA005EC1A7 /* Films.txt in Resources */ = {isa = PBXBuildFile; fileRef = E8597E711C536AFA005EC1A7 /* Films.txt */; };
		E8597E8A1C536AFA005EC1A7 /* Food.txt in Resources */ = {isa = PBXBuildFile; fileRef = E8597E721C536AFA005EC1A7 /* Food.txt */; };
		E8597E8B1C536AFA005EC1A7 /* Greetings.txt in Resources */ = {isa = PBXBuildFile; fileRef = E8597E731C536AFA005EC1A7 /* Greetings.txt */; };
		E8597E8C1C536AFA005EC1A7 /* infodata.txt in Resources */ = {isa = PBXBuildFile; fileRef = E8597E741C536AFA005EC1A7 /* infodata.txt */; };
		E8597E8D1C536AFA005EC1A7 /* Introduction.txt in Resources */ = {isa = PBXBuildFile; fileRef = E8597E751C536AFA005EC1A7 /* Introduction.txt */; };
		E8597E8E1C536AFA005EC1A7 /* Journey.txt in Resources */ = {isa = PBXBuildFile; fileRef = E8597E761C536AFA005EC1A7 /* Journey.txt */; };
		E8597E8F1C536AFA005EC1A7 /* LessonOrder in Resources */ = {isa = PBXBuildFile; fileRef = E8597E771C536AFA005EC1A7 /* LessonOrder */; };
		E8597E901C536AFA005EC1A7 /* MeetingFriends.txt in Resources */ = {isa = PBXBuildFile; fileRef = E8597E781C536AFA005EC1A7 /* MeetingFriends.txt */; };
		E8597E911C536AFA005EC1A7 /* OnArrival.txt in Resources */ = {isa = PBXBuildFile; fileRef = E8597E791C536AFA005EC1A7 /* OnArrival.txt */; };
		E8597E921C536AFA005EC1A7 /* Students.txt in Resources */ = {isa = PBXBuildFile; fileRef = E8597E7A1C536AFA005EC1A7 /* Students.txt */; };
		E8597E931C536AFA005EC1A7 /* subhashitani.txt in Resources */ = {isa = PBXBuildFile; fileRef = E8597E7B1C536AFA005EC1A7 /* subhashitani.txt */; };
		E8597E941C536AFA005EC1A7 /* Teachers.txt in Resources */ = {isa = PBXBuildFile; fileRef = E8597E7C1C536AFA005EC1A7 /* Teachers.txt */; };
		E8597E951C536AFA005EC1A7 /* Telephone.txt in Resources */ = {isa = PBXBuildFile; fileRef = E8597E7D1C536AFA005EC1A7 /* Telephone.txt */; };
		E8597E961C536AFA005EC1A7 /* Time.txt in Resources */ = {isa = PBXBuildFile; fileRef = E8597E7E1C536AFA005EC1A7 /* Time.txt */; };
		E8597E971C536AFA005EC1A7 /* Train.txt in Resources */ = {isa = PBXBuildFile; fileRef = E8597E7F1C536AFA005EC1A7 /* Train.txt */; };
		E8597E981C536AFA005EC1A7 /* trial in Resources */ = {isa = PBXBuildFile; fileRef = E8597E801C536AFA005EC1A7 /* trial */; };
		E8597E991C536AFA005EC1A7 /* Weather.txt in Resources */ = {isa = PBXBuildFile; fileRef = E8597E811C536AFA005EC1A7 /* Weather.txt */; };
		E8597E9A1C536AFA005EC1A7 /* Women.txt in Resources */ = {isa = PBXBuildFile; fileRef = E8597E821C536AFA005EC1A7 /* Women.txt */; };
		E8597EB71C536B0F005EC1A7 /* Abbrevations.txt in Resources */ = {isa = PBXBuildFile; fileRef = E8597E9B1C536B0F005EC1A7 /* Abbrevations.txt */; };
		E8597EB81C536B0F005EC1A7 /* LetterA.psv in Resources */ = {isa = PBXBuildFile; fileRef = E8597E9C1C536B0F005EC1A7 /* LetterA.psv */; };
		E8597EB91C536B0F005EC1A7 /* LetterA.txt in Resources */ = {isa = PBXBuildFile; fileRef = E8597E9D1C536B0F005EC1A7 /* LetterA.txt */; };
		E8597EBA1C536B0F005EC1A7 /* LetterB.txt in Resources */ = {isa = PBXBuildFile; fileRef = E8597E9E1C536B0F005EC1A7 /* LetterB.txt */; };
		E8597EBB1C536B0F005EC1A7 /* LetterC.txt in Resources */ = {isa = PBXBuildFile; fileRef = E8597E9F1C536B0F005EC1A7 /* LetterC.txt */; };
		E8597EBC1C536B0F005EC1A7 /* LetterD.txt in Resources */ = {isa = PBXBuildFile; fileRef = E8597EA01C536B0F005EC1A7 /* LetterD.txt */; };
		E8597EBD1C536B0F005EC1A7 /* LetterE.txt in Resources */ = {isa = PBXBuildFile; fileRef = E8597EA11C536B0F005EC1A7 /* LetterE.txt */; };
		E8597EBE1C536B0F005EC1A7 /* LetterF.txt in Resources */ = {isa = PBXBuildFile; fileRef = E8597EA21C536B0F005EC1A7 /* LetterF.txt */; };
		E8597EBF1C536B0F005EC1A7 /* LetterG.txt in Resources */ = {isa = PBXBuildFile; fileRef = E8597EA31C536B0F005EC1A7 /* LetterG.txt */; };
		E8597EC01C536B0F005EC1A7 /* LetterH.txt in Resources */ = {isa = PBXBuildFile; fileRef = E8597EA41C536B0F005EC1A7 /* LetterH.txt */; };
		E8597EC11C536B0F005EC1A7 /* LetterI.txt in Resources */ = {isa = PBXBuildFile; fileRef = E8597EA51C536B0F005EC1A7 /* LetterI.txt */; };
		E8597EC21C536B0F005EC1A7 /* LetterJ.txt in Resources */ = {isa = PBXBuildFile; fileRef = E8597EA61C536B0F005EC1A7 /* LetterJ.txt */; };
		E8597EC31C536B0F005EC1A7 /* LetterK.txt in Resources */ = {isa = PBXBuildFile; fileRef = E8597EA71C536B0F005EC1A7 /* LetterK.txt */; };
		E8597EC41C536B0F005EC1A7 /* LetterL.txt in Resources */ = {isa = PBXBuildFile; fileRef = E8597EA81C536B0F005EC1A7 /* LetterL.txt */; };
		E8597EC51C536B0F005EC1A7 /* LetterM.txt in Resources */ = {isa = PBXBuildFile; fileRef = E8597EA91C536B0F005EC1A7 /* LetterM.txt */; };
		E8597EC61C536B0F005EC1A7 /* LetterN.txt in Resources */ = {isa = PBXBuildFile; fileRef = E8597EAA1C536B0F005EC1A7 /* LetterN.txt */; };
		E8597EC71C536B0F005EC1A7 /* LetterO.txt in Resources */ = {isa = PBXBuildFile; fileRef = E8597EAB1C536B0F005EC1A7 /* LetterO.txt */; };
		E8597EC81C536B0F005EC1A7 /* LetterP.txt in Resources */ = {isa = PBXBuildFile; fileRef = E8597EAC1C536B0F005EC1A7 /* LetterP.txt */; };
		E8597EC91C536B0F005EC1A7 /* LetterQ.txt in Resources */ = {isa = PBXBuildFile; fileRef = E8597EAD1C536B0F005EC1A7 /* LetterQ.txt */; };
		E8597ECA1C536B0F005EC1A7 /* LetterR.txt in Resources */ = {isa = PBXBuildFile; fileRef = E8597EAE1C536B0F005EC1A7 /* LetterR.txt */; };
		E8597ECB1C536B0F005EC1A7 /* LetterS.txt in Resources */ = {isa = PBXBuildFile; fileRef = E8597EAF1C536B0F005EC1A7 /* LetterS.txt */; };
		E8597ECC1C536B0F005EC1A7 /* LetterT.txt in Resources */ = {isa = PBXBuildFile; fileRef = E8597EB01C536B0F005EC1A7 /* LetterT.txt */; };
		E8597ECD1C536B0F005EC1A7 /* LetterU.txt in Resources */ = {isa = PBXBuildFile; fileRef = E8597EB11C536B0F005EC1A7 /* LetterU.txt */; };
		E8597ECE1C536B0F005EC1A7 /* LetterV.txt in Resources */ = {isa = PBXBuildFile; fileRef = E8597EB21C536B0F005EC1A7 /* LetterV.txt */; };
		E8597ECF1C536B0F005EC1A7 /* LetterW.txt in Resources */ = {isa = PBXBuildFile; fileRef = E8597EB31C536B0F005EC1A7 /* LetterW.txt */; };
		E8597ED01C536B0F005EC1A7 /* LetterX.txt in Resources */ = {isa = PBXBuildFile; fileRef = E8597EB41C536B0F005EC1A7 /* LetterX.txt */; };
		E8597ED11C536B0F005EC1A7 /* LetterY.txt in Resources */ = {isa = PBXBuildFile; fileRef = E8597EB51C536B0F005EC1A7 /* LetterY.txt */; };
		E8597ED21C536B0F005EC1A7 /* LetterZ.txt in Resources */ = {isa = PBXBuildFile; fileRef = E8597EB61C536B0F005EC1A7 /* LetterZ.txt */; };
		E8597ED51C53FF44005EC1A7 /* Commerce.txt in CopyFiles */ = {isa = PBXBuildFile; fileRef = E8597E6B1C536AFA005EC1A7 /* Commerce.txt */; };
		E8597ED61C53FF44005EC1A7 /* Domestic.txt in CopyFiles */ = {isa = PBXBuildFile; fileRef = E8597E6C1C536AFA005EC1A7 /* Domestic.txt */; };
		E8597ED71C53FF44005EC1A7 /* DressJewelry.txt in CopyFiles */ = {isa = PBXBuildFile; fileRef = E8597E6D1C536AFA005EC1A7 /* DressJewelry.txt */; };
		E8597ED81C53FF44005EC1A7 /* DressJwellery.txt in CopyFiles */ = {isa = PBXBuildFile; fileRef = E8597E6E1C536AFA005EC1A7 /* DressJwellery.txt */; };
		E8597ED91C53FF44005EC1A7 /* Etiquettes.txt in CopyFiles */ = {isa = PBXBuildFile; fileRef = E8597E6F1C536AFA005EC1A7 /* Etiquettes.txt */; };
		E8597EDA1C53FF44005EC1A7 /* Examination.txt in CopyFiles */ = {isa = PBXBuildFile; fileRef = E8597E701C536AFA005EC1A7 /* Examination.txt */; };
		E8597EDB1C53FF44005EC1A7 /* Films.txt in CopyFiles */ = {isa = PBXBuildFile; fileRef = E8597E711C536AFA005EC1A7 /* Films.txt */; };
		E8597EDC1C53FF44005EC1A7 /* Food.txt in CopyFiles */ = {isa = PBXBuildFile; fileRef = E8597E721C536AFA005EC1A7 /* Food.txt */; };
		E8597EDD1C53FF44005EC1A7 /* Greetings.txt in CopyFiles */ = {isa = PBXBuildFile; fileRef = E8597E731C536AFA005EC1A7 /* Greetings.txt */; };
		E8597EDE1C53FF44005EC1A7 /* infodata.txt in CopyFiles */ = {isa = PBXBuildFile; fileRef = E8597E741C536AFA005EC1A7 /* infodata.txt */; };
		E8597EDF1C53FF44005EC1A7 /* Introduction.txt in CopyFiles */ = {isa = PBXBuildFile; fileRef = E8597E751C536AFA005EC1A7 /* Introduction.txt */; };
		E8597EE01C53FF44005EC1A7 /* Journey.txt in CopyFiles */ = {isa = PBXBuildFile; fileRef = E8597E761C536AFA005EC1A7 /* Journey.txt */; };
		E8597EE11C53FF44005EC1A7 /* LessonOrder in CopyFiles */ = {isa = PBXBuildFile; fileRef = E8597E771C536AFA005EC1A7 /* LessonOrder */; };
		E8597EE21C53FF44005EC1A7 /* MeetingFriends.txt in CopyFiles */ = {isa = PBXBuildFile; fileRef = E8597E781C536AFA005EC1A7 /* MeetingFriends.txt */; };
		E8597EE31C53FF44005EC1A7 /* OnArrival.txt in CopyFiles */ = {isa = PBXBuildFile; fileRef = E8597E791C536AFA005EC1A7 /* OnArrival.txt */; };
		E8597EE41C53FF44005EC1A7 /* Students.txt in CopyFiles */ = {isa = PBXBuildFile; fileRef = E8597E7A1C536AFA005EC1A7 /* Students.txt */; };
		E8597EE51C53FF44005EC1A7 /* Teachers.txt in CopyFiles */ = {isa = PBXBuildFile; fileRef = E8597E7C1C536AFA005EC1A7 /* Teachers.txt */; };
		E8597EE61C53FF44005EC1A7 /* Telephone.txt in CopyFiles */ = {isa = PBXBuildFile; fileRef = E8597E7D1C536AFA005EC1A7 /* Telephone.txt */; };
		E8597EE71C53FF44005EC1A7 /* Time.txt in CopyFiles */ = {isa = PBXBuildFile; fileRef = E8597E7E1C536AFA005EC1A7 /* Time.txt */; };
		E8597EE81C53FF44005EC1A7 /* Train.txt in CopyFiles */ = {isa = PBXBuildFile; fileRef = E8597E7F1C536AFA005EC1A7 /* Train.txt */; };
		E8597EE91C53FF44005EC1A7 /* trial in CopyFiles */ = {isa = PBXBuildFile; fileRef = E8597E801C536AFA005EC1A7 /* trial */; };
		E8597EEA1C53FF44005EC1A7 /* Weather.txt in CopyFiles */ = {isa = PBXBuildFile; fileRef = E8597E811C536AFA005EC1A7 /* Weather.txt */; };
		E8597EEB1C53FF44005EC1A7 /* Women.txt in CopyFiles */ = {isa = PBXBuildFile; fileRef = E8597E821C536AFA005EC1A7 /* Women.txt */; };
		E8597EEC1C540070005EC1A7 /* subhashitani.txt in CopyFiles */ = {isa = PBXBuildFile; fileRef = E8597E7B1C536AFA005EC1A7 /* subhashitani.txt */; };
		E8BBF2681C9AE0DF0050F6FF /* Topic.swift in Sources */ = {isa = PBXBuildFile; fileRef = E8BBF2671C9AE0DF0050F6FF /* Topic.swift */; };
		E8D7F9051C4A0581008B61B0 /* home_img.jpg in Resources */ = {isa = PBXBuildFile; fileRef = E8D7F9021C4A0581008B61B0 /* home_img.jpg */; };
		E8D7F9061C4A0581008B61B0 /* ic_launcher.png in Resources */ = {isa = PBXBuildFile; fileRef = E8D7F9031C4A0581008B61B0 /* ic_launcher.png */; };
		E8D7F9071C4A0581008B61B0 /* splash.png in Resources */ = {isa = PBXBuildFile; fileRef = E8D7F9041C4A0581008B61B0 /* splash.png */; };
/* End PBXBuildFile section */

/* Begin PBXContainerItemProxy section */
		E82AFBE41C48140700788A32 /* PBXContainerItemProxy */ = {
			isa = PBXContainerItemProxy;
			containerPortal = E82AFBC71C48140700788A32 /* Project object */;
			proxyType = 1;
			remoteGlobalIDString = E82AFBCE1C48140700788A32;
			remoteInfo = Geervani;
		};
		E82AFBEF1C48140700788A32 /* PBXContainerItemProxy */ = {
			isa = PBXContainerItemProxy;
			containerPortal = E82AFBC71C48140700788A32 /* Project object */;
			proxyType = 1;
			remoteGlobalIDString = E82AFBCE1C48140700788A32;
			remoteInfo = Geervani;
		};
/* End PBXContainerItemProxy section */

/* Begin PBXCopyFilesBuildPhase section */
		E8597ED31C53FDF4005EC1A7 /* CopyFiles */ = {
			isa = PBXCopyFilesBuildPhase;
			buildActionMask = 2147483647;
			dstPath = Topics;
			dstSubfolderSpec = 7;
			files = (
				E8597EEC1C540070005EC1A7 /* subhashitani.txt in CopyFiles */,
				E8597ED51C53FF44005EC1A7 /* Commerce.txt in CopyFiles */,
				E8597ED61C53FF44005EC1A7 /* Domestic.txt in CopyFiles */,
				E8597ED71C53FF44005EC1A7 /* DressJewelry.txt in CopyFiles */,
				E8597ED81C53FF44005EC1A7 /* DressJwellery.txt in CopyFiles */,
				E8597ED91C53FF44005EC1A7 /* Etiquettes.txt in CopyFiles */,
				E8597EDA1C53FF44005EC1A7 /* Examination.txt in CopyFiles */,
				E8597EDB1C53FF44005EC1A7 /* Films.txt in CopyFiles */,
				E8597EDC1C53FF44005EC1A7 /* Food.txt in CopyFiles */,
				E8597EDD1C53FF44005EC1A7 /* Greetings.txt in CopyFiles */,
				E8597EDE1C53FF44005EC1A7 /* infodata.txt in CopyFiles */,
				E8597EDF1C53FF44005EC1A7 /* Introduction.txt in CopyFiles */,
				E8597EE01C53FF44005EC1A7 /* Journey.txt in CopyFiles */,
				E8597EE11C53FF44005EC1A7 /* LessonOrder in CopyFiles */,
				E8597EE21C53FF44005EC1A7 /* MeetingFriends.txt in CopyFiles */,
				E8597EE31C53FF44005EC1A7 /* OnArrival.txt in CopyFiles */,
				E8597EE41C53FF44005EC1A7 /* Students.txt in CopyFiles */,
				E8597EE51C53FF44005EC1A7 /* Teachers.txt in CopyFiles */,
				E8597EE61C53FF44005EC1A7 /* Telephone.txt in CopyFiles */,
				E8597EE71C53FF44005EC1A7 /* Time.txt in CopyFiles */,
				E8597EE81C53FF44005EC1A7 /* Train.txt in CopyFiles */,
				E8597EE91C53FF44005EC1A7 /* trial in CopyFiles */,
				E8597EEA1C53FF44005EC1A7 /* Weather.txt in CopyFiles */,
				E8597EEB1C53FF44005EC1A7 /* Women.txt in CopyFiles */,
			);
			runOnlyForDeploymentPostprocessing = 0;
		};
/* End PBXCopyFilesBuildPhase section */

/* Begin PBXFileReference section */
		E82428FF1C481A830074A8E7 /* TopicTableViewController.swift */ = {isa = PBXFileReference; fileEncoding = 4; lastKnownFileType = sourcecode.swift; path = TopicTableViewController.swift; sourceTree = "<group>"; };
		E82429011C482B500074A8E7 /* TopicViewController.swift */ = {isa = PBXFileReference; fileEncoding = 4; lastKnownFileType = sourcecode.swift; path = TopicViewController.swift; sourceTree = "<group>"; };
		E82AB0F91CAC4CC1000AB317 /* Word.swift */ = {isa = PBXFileReference; fileEncoding = 4; lastKnownFileType = sourcecode.swift; path = Word.swift; sourceTree = "<group>"; };
		E82AB0FB1CAC519A000AB317 /* DictionaryTableViewController.swift */ = {isa = PBXFileReference; fileEncoding = 4; lastKnownFileType = sourcecode.swift; path = DictionaryTableViewController.swift; sourceTree = "<group>"; };
		E82AFBCF1C48140700788A32 /* Geervani.app */ = {isa = PBXFileReference; explicitFileType = wrapper.application; includeInIndex = 0; path = Geervani.app; sourceTree = BUILT_PRODUCTS_DIR; };
		E82AFBD71C48140700788A32 /* Base */ = {isa = PBXFileReference; lastKnownFileType = file.storyboard; name = Base; path = Base.lproj/Main.storyboard; sourceTree = "<group>"; };
		E82AFBD91C48140700788A32 /* Assets.xcassets */ = {isa = PBXFileReference; lastKnownFileType = folder.assetcatalog; path = Assets.xcassets; sourceTree = "<group>"; };
		E82AFBDC1C48140700788A32 /* Base */ = {isa = PBXFileReference; lastKnownFileType = file.storyboard; name = Base; path = Base.lproj/LaunchScreen.storyboard; sourceTree = "<group>"; };
		E82AFBDE1C48140700788A32 /* Info.plist */ = {isa = PBXFileReference; lastKnownFileType = text.plist.xml; path = Info.plist; sourceTree = "<group>"; };
		E82AFBE31C48140700788A32 /* GeervaniTests.xctest */ = {isa = PBXFileReference; explicitFileType = wrapper.cfbundle; includeInIndex = 0; path = GeervaniTests.xctest; sourceTree = BUILT_PRODUCTS_DIR; };
		E82AFBE71C48140700788A32 /* GeervaniTests.swift */ = {isa = PBXFileReference; lastKnownFileType = sourcecode.swift; path = GeervaniTests.swift; sourceTree = "<group>"; };
		E82AFBE91C48140700788A32 /* Info.plist */ = {isa = PBXFileReference; lastKnownFileType = text.plist.xml; path = Info.plist; sourceTree = "<group>"; };
		E82AFBEE1C48140700788A32 /* GeervaniUITests.xctest */ = {isa = PBXFileReference; explicitFileType = wrapper.cfbundle; includeInIndex = 0; path = GeervaniUITests.xctest; sourceTree = BUILT_PRODUCTS_DIR; };
		E82AFBF21C48140700788A32 /* GeervaniUITests.swift */ = {isa = PBXFileReference; lastKnownFileType = sourcecode.swift; path = GeervaniUITests.swift; sourceTree = "<group>"; };
		E82AFBF41C48140700788A32 /* Info.plist */ = {isa = PBXFileReference; lastKnownFileType = text.plist.xml; path = Info.plist; sourceTree = "<group>"; };
		E82AFC011C48142300788A32 /* Assets.xcassets */ = {isa = PBXFileReference; lastKnownFileType = folder.assetcatalog; path = Assets.xcassets; sourceTree = "<group>"; };
		E82AFC021C48142300788A32 /* Base.lproj */ = {isa = PBXFileReference; lastKnownFileType = folder; path = Base.lproj; sourceTree = "<group>"; };
		E82AFC031C48142300788A32 /* Info.plist */ = {isa = PBXFileReference; fileEncoding = 4; lastKnownFileType = text.plist.xml; path = Info.plist; sourceTree = "<group>"; };
		E82AFC0C1C4814F200788A32 /* GeervaniController.swift */ = {isa = PBXFileReference; fileEncoding = 4; lastKnownFileType = sourcecode.swift; path = GeervaniController.swift; sourceTree = "<group>"; };
		E82AFC101C4814F200788A32 /* SubhashitaViewController.swift */ = {isa = PBXFileReference; fileEncoding = 4; lastKnownFileType = sourcecode.swift; path = SubhashitaViewController.swift; sourceTree = "<group>"; };
		E82AFC161C48168200788A32 /* AppDelegate.swift */ = {isa = PBXFileReference; fileEncoding = 4; lastKnownFileType = sourcecode.swift; path = AppDelegate.swift; sourceTree = "<group>"; };
		E84905561C4E7AB30010C5D8 /* SentenceTableViewController.swift */ = {isa = PBXFileReference; fileEncoding = 4; lastKnownFileType = sourcecode.swift; path = SentenceTableViewController.swift; sourceTree = "<group>"; };
		E8597E661C52B941005EC1A7 /* FileReaderHelper.swift */ = {isa = PBXFileReference; fileEncoding = 4; lastKnownFileType = sourcecode.swift; path = FileReaderHelper.swift; sourceTree = "<group>"; };
		E8597E6B1C536AFA005EC1A7 /* Commerce.txt */ = {isa = PBXFileReference; fileEncoding = 4; lastKnownFileType = text; path = Commerce.txt; sourceTree = "<group>"; };
		E8597E6C1C536AFA005EC1A7 /* Domestic.txt */ = {isa = PBXFileReference; fileEncoding = 4; lastKnownFileType = text; path = Domestic.txt; sourceTree = "<group>"; };
		E8597E6D1C536AFA005EC1A7 /* DressJewelry.txt */ = {isa = PBXFileReference; fileEncoding = 4; lastKnownFileType = text; path = DressJewelry.txt; sourceTree = "<group>"; };
		E8597E6E1C536AFA005EC1A7 /* DressJwellery.txt */ = {isa = PBXFileReference; fileEncoding = 4; lastKnownFileType = text; path = DressJwellery.txt; sourceTree = "<group>"; };
		E8597E6F1C536AFA005EC1A7 /* Etiquettes.txt */ = {isa = PBXFileReference; fileEncoding = 4; lastKnownFileType = text; path = Etiquettes.txt; sourceTree = "<group>"; };
		E8597E701C536AFA005EC1A7 /* Examination.txt */ = {isa = PBXFileReference; fileEncoding = 4; lastKnownFileType = text; path = Examination.txt; sourceTree = "<group>"; };
		E8597E711C536AFA005EC1A7 /* Films.txt */ = {isa = PBXFileReference; fileEncoding = 4; lastKnownFileType = text; path = Films.txt; sourceTree = "<group>"; };
		E8597E721C536AFA005EC1A7 /* Food.txt */ = {isa = PBXFileReference; fileEncoding = 4; lastKnownFileType = text; path = Food.txt; sourceTree = "<group>"; };
		E8597E731C536AFA005EC1A7 /* Greetings.txt */ = {isa = PBXFileReference; fileEncoding = 4; lastKnownFileType = text; path = Greetings.txt; sourceTree = "<group>"; };
		E8597E741C536AFA005EC1A7 /* infodata.txt */ = {isa = PBXFileReference; fileEncoding = 4; lastKnownFileType = text; path = infodata.txt; sourceTree = "<group>"; };
		E8597E751C536AFA005EC1A7 /* Introduction.txt */ = {isa = PBXFileReference; fileEncoding = 4; lastKnownFileType = text; path = Introduction.txt; sourceTree = "<group>"; };
		E8597E761C536AFA005EC1A7 /* Journey.txt */ = {isa = PBXFileReference; fileEncoding = 4; lastKnownFileType = text; path = Journey.txt; sourceTree = "<group>"; };
		E8597E771C536AFA005EC1A7 /* LessonOrder */ = {isa = PBXFileReference; fileEncoding = 4; lastKnownFileType = text; path = LessonOrder; sourceTree = "<group>"; };
		E8597E781C536AFA005EC1A7 /* MeetingFriends.txt */ = {isa = PBXFileReference; fileEncoding = 4; lastKnownFileType = text; path = MeetingFriends.txt; sourceTree = "<group>"; };
		E8597E791C536AFA005EC1A7 /* OnArrival.txt */ = {isa = PBXFileReference; fileEncoding = 4; lastKnownFileType = text; path = OnArrival.txt; sourceTree = "<group>"; };
		E8597E7A1C536AFA005EC1A7 /* Students.txt */ = {isa = PBXFileReference; fileEncoding = 4; lastKnownFileType = text; path = Students.txt; sourceTree = "<group>"; };
		E8597E7B1C536AFA005EC1A7 /* subhashitani.txt */ = {isa = PBXFileReference; fileEncoding = 4; lastKnownFileType = text; path = subhashitani.txt; sourceTree = "<group>"; };
		E8597E7C1C536AFA005EC1A7 /* Teachers.txt */ = {isa = PBXFileReference; fileEncoding = 4; lastKnownFileType = text; path = Teachers.txt; sourceTree = "<group>"; };
		E8597E7D1C536AFA005EC1A7 /* Telephone.txt */ = {isa = PBXFileReference; fileEncoding = 4; lastKnownFileType = text; path = Telephone.txt; sourceTree = "<group>"; };
		E8597E7E1C536AFA005EC1A7 /* Time.txt */ = {isa = PBXFileReference; fileEncoding = 4; lastKnownFileType = text; path = Time.txt; sourceTree = "<group>"; };
		E8597E7F1C536AFA005EC1A7 /* Train.txt */ = {isa = PBXFileReference; fileEncoding = 4; lastKnownFileType = text; path = Train.txt; sourceTree = "<group>"; };
		E8597E801C536AFA005EC1A7 /* trial */ = {isa = PBXFileReference; fileEncoding = 4; lastKnownFileType = text; path = trial; sourceTree = "<group>"; };
		E8597E811C536AFA005EC1A7 /* Weather.txt */ = {isa = PBXFileReference; fileEncoding = 4; lastKnownFileType = text; path = Weather.txt; sourceTree = "<group>"; };
		E8597E821C536AFA005EC1A7 /* Women.txt */ = {isa = PBXFileReference; fileEncoding = 4; lastKnownFileType = text; path = Women.txt; sourceTree = "<group>"; };
		E8597E9B1C536B0F005EC1A7 /* Abbrevations.txt */ = {isa = PBXFileReference; fileEncoding = 4; lastKnownFileType = text; path = Abbrevations.txt; sourceTree = "<group>"; };
		E8597E9C1C536B0F005EC1A7 /* LetterA.psv */ = {isa = PBXFileReference; fileEncoding = 4; lastKnownFileType = text; path = LetterA.psv; sourceTree = "<group>"; };
		E8597E9D1C536B0F005EC1A7 /* LetterA.txt */ = {isa = PBXFileReference; fileEncoding = 4; lastKnownFileType = text; path = LetterA.txt; sourceTree = "<group>"; };
		E8597E9E1C536B0F005EC1A7 /* LetterB.txt */ = {isa = PBXFileReference; fileEncoding = 4; lastKnownFileType = text; path = LetterB.txt; sourceTree = "<group>"; };
		E8597E9F1C536B0F005EC1A7 /* LetterC.txt */ = {isa = PBXFileReference; fileEncoding = 4; lastKnownFileType = text; path = LetterC.txt; sourceTree = "<group>"; };
		E8597EA01C536B0F005EC1A7 /* LetterD.txt */ = {isa = PBXFileReference; fileEncoding = 4; lastKnownFileType = text; path = LetterD.txt; sourceTree = "<group>"; };
		E8597EA11C536B0F005EC1A7 /* LetterE.txt */ = {isa = PBXFileReference; fileEncoding = 4; lastKnownFileType = text; path = LetterE.txt; sourceTree = "<group>"; };
		E8597EA21C536B0F005EC1A7 /* LetterF.txt */ = {isa = PBXFileReference; fileEncoding = 4; lastKnownFileType = text; path = LetterF.txt; sourceTree = "<group>"; };
		E8597EA31C536B0F005EC1A7 /* LetterG.txt */ = {isa = PBXFileReference; fileEncoding = 4; lastKnownFileType = text; path = LetterG.txt; sourceTree = "<group>"; };
		E8597EA41C536B0F005EC1A7 /* LetterH.txt */ = {isa = PBXFileReference; fileEncoding = 4; lastKnownFileType = text; path = LetterH.txt; sourceTree = "<group>"; };
		E8597EA51C536B0F005EC1A7 /* LetterI.txt */ = {isa = PBXFileReference; fileEncoding = 4; lastKnownFileType = text; path = LetterI.txt; sourceTree = "<group>"; };
		E8597EA61C536B0F005EC1A7 /* LetterJ.txt */ = {isa = PBXFileReference; fileEncoding = 4; lastKnownFileType = text; path = LetterJ.txt; sourceTree = "<group>"; };
		E8597EA71C536B0F005EC1A7 /* LetterK.txt */ = {isa = PBXFileReference; fileEncoding = 4; lastKnownFileType = text; path = LetterK.txt; sourceTree = "<group>"; };
		E8597EA81C536B0F005EC1A7 /* LetterL.txt */ = {isa = PBXFileReference; fileEncoding = 4; lastKnownFileType = text; path = LetterL.txt; sourceTree = "<group>"; };
		E8597EA91C536B0F005EC1A7 /* LetterM.txt */ = {isa = PBXFileReference; fileEncoding = 4; lastKnownFileType = text; path = LetterM.txt; sourceTree = "<group>"; };
		E8597EAA1C536B0F005EC1A7 /* LetterN.txt */ = {isa = PBXFileReference; fileEncoding = 4; lastKnownFileType = text; path = LetterN.txt; sourceTree = "<group>"; };
		E8597EAB1C536B0F005EC1A7 /* LetterO.txt */ = {isa = PBXFileReference; fileEncoding = 4; lastKnownFileType = text; path = LetterO.txt; sourceTree = "<group>"; };
		E8597EAC1C536B0F005EC1A7 /* LetterP.txt */ = {isa = PBXFileReference; fileEncoding = 4; lastKnownFileType = text; path = LetterP.txt; sourceTree = "<group>"; };
		E8597EAD1C536B0F005EC1A7 /* LetterQ.txt */ = {isa = PBXFileReference; fileEncoding = 4; lastKnownFileType = text; path = LetterQ.txt; sourceTree = "<group>"; };
		E8597EAE1C536B0F005EC1A7 /* LetterR.txt */ = {isa = PBXFileReference; fileEncoding = 4; lastKnownFileType = text; path = LetterR.txt; sourceTree = "<group>"; };
		E8597EAF1C536B0F005EC1A7 /* LetterS.txt */ = {isa = PBXFileReference; fileEncoding = 4; lastKnownFileType = text; path = LetterS.txt; sourceTree = "<group>"; };
		E8597EB01C536B0F005EC1A7 /* LetterT.txt */ = {isa = PBXFileReference; fileEncoding = 4; lastKnownFileType = text; path = LetterT.txt; sourceTree = "<group>"; };
		E8597EB11C536B0F005EC1A7 /* LetterU.txt */ = {isa = PBXFileReference; fileEncoding = 4; lastKnownFileType = text; path = LetterU.txt; sourceTree = "<group>"; };
		E8597EB21C536B0F005EC1A7 /* LetterV.txt */ = {isa = PBXFileReference; fileEncoding = 4; lastKnownFileType = text; path = LetterV.txt; sourceTree = "<group>"; };
		E8597EB31C536B0F005EC1A7 /* LetterW.txt */ = {isa = PBXFileReference; fileEncoding = 4; lastKnownFileType = text; path = LetterW.txt; sourceTree = "<group>"; };
		E8597EB41C536B0F005EC1A7 /* LetterX.txt */ = {isa = PBXFileReference; fileEncoding = 4; lastKnownFileType = text; path = LetterX.txt; sourceTree = "<group>"; };
		E8597EB51C536B0F005EC1A7 /* LetterY.txt */ = {isa = PBXFileReference; fileEncoding = 4; lastKnownFileType = text; path = LetterY.txt; sourceTree = "<group>"; };
		E8597EB61C536B0F005EC1A7 /* LetterZ.txt */ = {isa = PBXFileReference; fileEncoding = 4; lastKnownFileType = text; path = LetterZ.txt; sourceTree = "<group>"; };
		E8BBF2671C9AE0DF0050F6FF /* Topic.swift */ = {isa = PBXFileReference; fileEncoding = 4; lastKnownFileType = sourcecode.swift; path = Topic.swift; sourceTree = "<group>"; };
		E8D7F9021C4A0581008B61B0 /* home_img.jpg */ = {isa = PBXFileReference; lastKnownFileType = image.jpeg; path = home_img.jpg; sourceTree = "<group>"; };
		E8D7F9031C4A0581008B61B0 /* ic_launcher.png */ = {isa = PBXFileReference; lastKnownFileType = image.png; path = ic_launcher.png; sourceTree = "<group>"; };
		E8D7F9041C4A0581008B61B0 /* splash.png */ = {isa = PBXFileReference; lastKnownFileType = image.png; path = splash.png; sourceTree = "<group>"; };
/* End PBXFileReference section */

/* Begin PBXFrameworksBuildPhase section */
		E82AFBCC1C48140700788A32 /* Frameworks */ = {
			isa = PBXFrameworksBuildPhase;
			buildActionMask = 2147483647;
			files = (
			);
			runOnlyForDeploymentPostprocessing = 0;
		};
		E82AFBE01C48140700788A32 /* Frameworks */ = {
			isa = PBXFrameworksBuildPhase;
			buildActionMask = 2147483647;
			files = (
			);
			runOnlyForDeploymentPostprocessing = 0;
		};
		E82AFBEB1C48140700788A32 /* Frameworks */ = {
			isa = PBXFrameworksBuildPhase;
			buildActionMask = 2147483647;
			files = (
			);
			runOnlyForDeploymentPostprocessing = 0;
		};
/* End PBXFrameworksBuildPhase section */

/* Begin PBXGroup section */
		E82429031C48A1920074A8E7 /* Controller */ = {
			isa = PBXGroup;
			children = (
				E82429011C482B500074A8E7 /* TopicViewController.swift */,
				E82428FF1C481A830074A8E7 /* TopicTableViewController.swift */,
				E84905561C4E7AB30010C5D8 /* SentenceTableViewController.swift */,
				E82AFC0C1C4814F200788A32 /* GeervaniController.swift */,
				E82AFC101C4814F200788A32 /* SubhashitaViewController.swift */,
				E82AB0FB1CAC519A000AB317 /* DictionaryTableViewController.swift */,
			);
			name = Controller;
			sourceTree = "<group>";
		};
		E82429041C48A1BB0074A8E7 /* Images */ = {
			isa = PBXGroup;
			children = (
				E8D7F9021C4A0581008B61B0 /* home_img.jpg */,
				E8D7F9031C4A0581008B61B0 /* ic_launcher.png */,
				E8D7F9041C4A0581008B61B0 /* splash.png */,
			);
			name = Images;
			sourceTree = "<group>";
		};
		E82AFBC61C48140700788A32 = {
			isa = PBXGroup;
			children = (
				E82AFBD11C48140700788A32 /* Geervani */,
				E82AFBE61C48140700788A32 /* GeervaniTests */,
				E82AFBF11C48140700788A32 /* GeervaniUITests */,
				E82AFBD01C48140700788A32 /* Products */,
			);
			sourceTree = "<group>";
		};
		E82AFBD01C48140700788A32 /* Products */ = {
			isa = PBXGroup;
			children = (
				E82AFBCF1C48140700788A32 /* Geervani.app */,
				E82AFBE31C48140700788A32 /* GeervaniTests.xctest */,
				E82AFBEE1C48140700788A32 /* GeervaniUITests.xctest */,
			);
			name = Products;
			sourceTree = "<group>";
		};
		E82AFBD11C48140700788A32 /* Geervani */ = {
			isa = PBXGroup;
			children = (
				E8BBF2661C9AE0C10050F6FF /* DAO */,
				E8597E681C536A50005EC1A7 /* DataFIles */,
				E8597E651C52B90C005EC1A7 /* Helper */,
				E82AFC161C48168200788A32 /* AppDelegate.swift */,
				E82429031C48A1920074A8E7 /* Controller */,
				E82429041C48A1BB0074A8E7 /* Images */,
				E82AFC011C48142300788A32 /* Assets.xcassets */,
				E82AFC021C48142300788A32 /* Base.lproj */,
				E82AFC031C48142300788A32 /* Info.plist */,
				E82AFBD61C48140700788A32 /* Main.storyboard */,
				E82AFBD91C48140700788A32 /* Assets.xcassets */,
				E82AFBDB1C48140700788A32 /* LaunchScreen.storyboard */,
				E82AFBDE1C48140700788A32 /* Info.plist */,
			);
			path = Geervani;
			sourceTree = "<group>";
		};
		E82AFBE61C48140700788A32 /* GeervaniTests */ = {
			isa = PBXGroup;
			children = (
				E82AFBE71C48140700788A32 /* GeervaniTests.swift */,
				E82AFBE91C48140700788A32 /* Info.plist */,
			);
			path = GeervaniTests;
			sourceTree = "<group>";
		};
		E82AFBF11C48140700788A32 /* GeervaniUITests */ = {
			isa = PBXGroup;
			children = (
				E82AFBF21C48140700788A32 /* GeervaniUITests.swift */,
				E82AFBF41C48140700788A32 /* Info.plist */,
			);
			path = GeervaniUITests;
			sourceTree = "<group>";
		};
		E8597E651C52B90C005EC1A7 /* Helper */ = {
			isa = PBXGroup;
			children = (
				E8597E661C52B941005EC1A7 /* FileReaderHelper.swift */,
			);
			name = Helper;
			sourceTree = "<group>";
		};
		E8597E681C536A50005EC1A7 /* DataFIles */ = {
			isa = PBXGroup;
			children = (
				E8597E7B1C536AFA005EC1A7 /* subhashitani.txt */,
				E8597E6A1C536A6A005EC1A7 /* Topics */,
				E8597E691C536A5D005EC1A7 /* Dictionary */,
			);
			name = DataFIles;
			sourceTree = "<group>";
		};
		E8597E691C536A5D005EC1A7 /* Dictionary */ = {
			isa = PBXGroup;
			children = (
				E8597E9B1C536B0F005EC1A7 /* Abbrevations.txt */,
				E8597E9C1C536B0F005EC1A7 /* LetterA.psv */,
				E8597E9D1C536B0F005EC1A7 /* LetterA.txt */,
				E8597E9E1C536B0F005EC1A7 /* LetterB.txt */,
				E8597E9F1C536B0F005EC1A7 /* LetterC.txt */,
				E8597EA01C536B0F005EC1A7 /* LetterD.txt */,
				E8597EA11C536B0F005EC1A7 /* LetterE.txt */,
				E8597EA21C536B0F005EC1A7 /* LetterF.txt */,
				E8597EA31C536B0F005EC1A7 /* LetterG.txt */,
				E8597EA41C536B0F005EC1A7 /* LetterH.txt */,
				E8597EA51C536B0F005EC1A7 /* LetterI.txt */,
				E8597EA61C536B0F005EC1A7 /* LetterJ.txt */,
				E8597EA71C536B0F005EC1A7 /* LetterK.txt */,
				E8597EA81C536B0F005EC1A7 /* LetterL.txt */,
				E8597EA91C536B0F005EC1A7 /* LetterM.txt */,
				E8597EAA1C536B0F005EC1A7 /* LetterN.txt */,
				E8597EAB1C536B0F005EC1A7 /* LetterO.txt */,
				E8597EAC1C536B0F005EC1A7 /* LetterP.txt */,
				E8597EAD1C536B0F005EC1A7 /* LetterQ.txt */,
				E8597EAE1C536B0F005EC1A7 /* LetterR.txt */,
				E8597EAF1C536B0F005EC1A7 /* LetterS.txt */,
				E8597EB01C536B0F005EC1A7 /* LetterT.txt */,
				E8597EB11C536B0F005EC1A7 /* LetterU.txt */,
				E8597EB21C536B0F005EC1A7 /* LetterV.txt */,
				E8597EB31C536B0F005EC1A7 /* LetterW.txt */,
				E8597EB41C536B0F005EC1A7 /* LetterX.txt */,
				E8597EB51C536B0F005EC1A7 /* LetterY.txt */,
				E8597EB61C536B0F005EC1A7 /* LetterZ.txt */,
			);
			name = Dictionary;
			sourceTree = "<group>";
		};
		E8597E6A1C536A6A005EC1A7 /* Topics */ = {
			isa = PBXGroup;
			children = (
				E8597E6B1C536AFA005EC1A7 /* Commerce.txt */,
				E8597E6C1C536AFA005EC1A7 /* Domestic.txt */,
				E8597E6D1C536AFA005EC1A7 /* DressJewelry.txt */,
				E8597E6E1C536AFA005EC1A7 /* DressJwellery.txt */,
				E8597E6F1C536AFA005EC1A7 /* Etiquettes.txt */,
				E8597E701C536AFA005EC1A7 /* Examination.txt */,
				E8597E711C536AFA005EC1A7 /* Films.txt */,
				E8597E721C536AFA005EC1A7 /* Food.txt */,
				E8597E731C536AFA005EC1A7 /* Greetings.txt */,
				E8597E741C536AFA005EC1A7 /* infodata.txt */,
				E8597E751C536AFA005EC1A7 /* Introduction.txt */,
				E8597E761C536AFA005EC1A7 /* Journey.txt */,
				E8597E771C536AFA005EC1A7 /* LessonOrder */,
				E8597E781C536AFA005EC1A7 /* MeetingFriends.txt */,
				E8597E791C536AFA005EC1A7 /* OnArrival.txt */,
				E8597E7A1C536AFA005EC1A7 /* Students.txt */,
				E8597E7C1C536AFA005EC1A7 /* Teachers.txt */,
				E8597E7D1C536AFA005EC1A7 /* Telephone.txt */,
				E8597E7E1C536AFA005EC1A7 /* Time.txt */,
				E8597E7F1C536AFA005EC1A7 /* Train.txt */,
				E8597E801C536AFA005EC1A7 /* trial */,
				E8597E811C536AFA005EC1A7 /* Weather.txt */,
				E8597E821C536AFA005EC1A7 /* Women.txt */,
			);
			name = Topics;
			sourceTree = "<group>";
		};
		E8BBF2661C9AE0C10050F6FF /* DAO */ = {
			isa = PBXGroup;
			children = (
				E8BBF2671C9AE0DF0050F6FF /* Topic.swift */,
				E82AB0F91CAC4CC1000AB317 /* Word.swift */,
			);
			name = DAO;
			sourceTree = "<group>";
		};
/* End PBXGroup section */

/* Begin PBXNativeTarget section */
		E82AFBCE1C48140700788A32 /* Geervani */ = {
			isa = PBXNativeTarget;
			buildConfigurationList = E82AFBF71C48140700788A32 /* Build configuration list for PBXNativeTarget "Geervani" */;
			buildPhases = (
				E82AFBCB1C48140700788A32 /* Sources */,
				E82AFBCC1C48140700788A32 /* Frameworks */,
				E82AFBCD1C48140700788A32 /* Resources */,
				E8597ED31C53FDF4005EC1A7 /* CopyFiles */,
			);
			buildRules = (
			);
			dependencies = (
			);
			name = Geervani;
			productName = Geervani;
			productReference = E82AFBCF1C48140700788A32 /* Geervani.app */;
			productType = "com.apple.product-type.application";
		};
		E82AFBE21C48140700788A32 /* GeervaniTests */ = {
			isa = PBXNativeTarget;
			buildConfigurationList = E82AFBFA1C48140700788A32 /* Build configuration list for PBXNativeTarget "GeervaniTests" */;
			buildPhases = (
				E82AFBDF1C48140700788A32 /* Sources */,
				E82AFBE01C48140700788A32 /* Frameworks */,
				E82AFBE11C48140700788A32 /* Resources */,
			);
			buildRules = (
			);
			dependencies = (
				E82AFBE51C48140700788A32 /* PBXTargetDependency */,
			);
			name = GeervaniTests;
			productName = GeervaniTests;
			productReference = E82AFBE31C48140700788A32 /* GeervaniTests.xctest */;
			productType = "com.apple.product-type.bundle.unit-test";
		};
		E82AFBED1C48140700788A32 /* GeervaniUITests */ = {
			isa = PBXNativeTarget;
			buildConfigurationList = E82AFBFD1C48140700788A32 /* Build configuration list for PBXNativeTarget "GeervaniUITests" */;
			buildPhases = (
				E82AFBEA1C48140700788A32 /* Sources */,
				E82AFBEB1C48140700788A32 /* Frameworks */,
				E82AFBEC1C48140700788A32 /* Resources */,
			);
			buildRules = (
			);
			dependencies = (
				E82AFBF01C48140700788A32 /* PBXTargetDependency */,
			);
			name = GeervaniUITests;
			productName = GeervaniUITests;
			productReference = E82AFBEE1C48140700788A32 /* GeervaniUITests.xctest */;
			productType = "com.apple.product-type.bundle.ui-testing";
		};
/* End PBXNativeTarget section */

/* Begin PBXProject section */
		E82AFBC71C48140700788A32 /* Project object */ = {
			isa = PBXProject;
			attributes = {
				LastSwiftUpdateCheck = 0700;
				LastUpgradeCheck = 0700;
				ORGANIZATIONNAME = Abheri;
				TargetAttributes = {
					E82AFBCE1C48140700788A32 = {
						CreatedOnToolsVersion = 7.0.1;
						DevelopmentTeam = E8SAEH35L4;
					};
					E82AFBE21C48140700788A32 = {
						CreatedOnToolsVersion = 7.0.1;
						TestTargetID = E82AFBCE1C48140700788A32;
					};
					E82AFBED1C48140700788A32 = {
						CreatedOnToolsVersion = 7.0.1;
						TestTargetID = E82AFBCE1C48140700788A32;
					};
				};
			};
			buildConfigurationList = E82AFBCA1C48140700788A32 /* Build configuration list for PBXProject "Geervani" */;
			compatibilityVersion = "Xcode 3.2";
			developmentRegion = English;
			hasScannedForEncodings = 0;
			knownRegions = (
				en,
				Base,
			);
			mainGroup = E82AFBC61C48140700788A32;
			productRefGroup = E82AFBD01C48140700788A32 /* Products */;
			projectDirPath = "";
			projectRoot = "";
			targets = (
				E82AFBCE1C48140700788A32 /* Geervani */,
				E82AFBE21C48140700788A32 /* GeervaniTests */,
				E82AFBED1C48140700788A32 /* GeervaniUITests */,
			);
		};
/* End PBXProject section */

/* Begin PBXResourcesBuildPhase section */
		E82AFBCD1C48140700788A32 /* Resources */ = {
			isa = PBXResourcesBuildPhase;
			buildActionMask = 2147483647;
			files = (
				E8597E8D1C536AFA005EC1A7 /* Introduction.txt in Resources */,
				E82AFBDD1C48140700788A32 /* LaunchScreen.storyboard in Resources */,
				E8D7F9051C4A0581008B61B0 /* home_img.jpg in Resources */,
				E8597E891C536AFA005EC1A7 /* Films.txt in Resources */,
				E82AFBDA1C48140700788A32 /* Assets.xcassets in Resources */,
				E8597E871C536AFA005EC1A7 /* Etiquettes.txt in Resources */,
				E8597E921C536AFA005EC1A7 /* Students.txt in Resources */,
				E8597E831C536AFA005EC1A7 /* Commerce.txt in Resources */,
				E8597E861C536AFA005EC1A7 /* DressJwellery.txt in Resources */,
				E8597E991C536AFA005EC1A7 /* Weather.txt in Resources */,
				E8597E941C536AFA005EC1A7 /* Teachers.txt in Resources */,
				E8597E8E1C536AFA005EC1A7 /* Journey.txt in Resources */,
				E8597EB71C536B0F005EC1A7 /* Abbrevations.txt in Resources */,
				E8597E8F1C536AFA005EC1A7 /* LessonOrder in Resources */,
				E8597EBD1C536B0F005EC1A7 /* LetterE.txt in Resources */,
				E82AFC081C48142300788A32 /* Info.plist in Resources */,
				E8597ECB1C536B0F005EC1A7 /* LetterS.txt in Resources */,
				E8597EBF1C536B0F005EC1A7 /* LetterG.txt in Resources */,
				E8597E8A1C536AFA005EC1A7 /* Food.txt in Resources */,
				E8597EBC1C536B0F005EC1A7 /* LetterD.txt in Resources */,
				E8597ED21C536B0F005EC1A7 /* LetterZ.txt in Resources */,
				E8597EC81C536B0F005EC1A7 /* LetterP.txt in Resources */,
				E8597EC41C536B0F005EC1A7 /* LetterL.txt in Resources */,
				E8597E8B1C536AFA005EC1A7 /* Greetings.txt in Resources */,
				E8597E971C536AFA005EC1A7 /* Train.txt in Resources */,
				E8597EC51C536B0F005EC1A7 /* LetterM.txt in Resources */,
				E8597E8C1C536AFA005EC1A7 /* infodata.txt in Resources */,
				E8597ED01C536B0F005EC1A7 /* LetterX.txt in Resources */,
				E8597EC71C536B0F005EC1A7 /* LetterO.txt in Resources */,
				E8597EC11C536B0F005EC1A7 /* LetterI.txt in Resources */,
				E8597E901C536AFA005EC1A7 /* MeetingFriends.txt in Resources */,
				E8597EC31C536B0F005EC1A7 /* LetterK.txt in Resources */,
				E8597ECD1C536B0F005EC1A7 /* LetterU.txt in Resources */,
				E8597E851C536AFA005EC1A7 /* DressJewelry.txt in Resources */,
				E82AFC071C48142300788A32 /* Base.lproj in Resources */,
				E8597ED11C536B0F005EC1A7 /* LetterY.txt in Resources */,
				E8597E951C536AFA005EC1A7 /* Telephone.txt in Resources */,
				E8597ECE1C536B0F005EC1A7 /* LetterV.txt in Resources */,
				E8597E911C536AFA005EC1A7 /* OnArrival.txt in Resources */,
				E82AFC061C48142300788A32 /* Assets.xcassets in Resources */,
				E8597EC01C536B0F005EC1A7 /* LetterH.txt in Resources */,
				E8597E881C536AFA005EC1A7 /* Examination.txt in Resources */,
				E8597E931C536AFA005EC1A7 /* subhashitani.txt in Resources */,
				E8597EBE1C536B0F005EC1A7 /* LetterF.txt in Resources */,
				E8597EB81C536B0F005EC1A7 /* LetterA.psv in Resources */,
				E8597ECF1C536B0F005EC1A7 /* LetterW.txt in Resources */,
				E8597EC61C536B0F005EC1A7 /* LetterN.txt in Resources */,
				E8597EC21C536B0F005EC1A7 /* LetterJ.txt in Resources */,
				E8597E9A1C536AFA005EC1A7 /* Women.txt in Resources */,
				E8597EC91C536B0F005EC1A7 /* LetterQ.txt in Resources */,
				E8597ECC1C536B0F005EC1A7 /* LetterT.txt in Resources */,
				E8597E981C536AFA005EC1A7 /* trial in Resources */,
				E8597E961C536AFA005EC1A7 /* Time.txt in Resources */,
				E8597E841C536AFA005EC1A7 /* Domestic.txt in Resources */,
				E82AFBD81C48140700788A32 /* Main.storyboard in Resources */,
				E8597EBA1C536B0F005EC1A7 /* LetterB.txt in Resources */,
				E8597EBB1C536B0F005EC1A7 /* LetterC.txt in Resources */,
				E8D7F9071C4A0581008B61B0 /* splash.png in Resources */,
				E8597EB91C536B0F005EC1A7 /* LetterA.txt in Resources */,
				E8D7F9061C4A0581008B61B0 /* ic_launcher.png in Resources */,
				E8597ECA1C536B0F005EC1A7 /* LetterR.txt in Resources */,
			);
			runOnlyForDeploymentPostprocessing = 0;
		};
		E82AFBE11C48140700788A32 /* Resources */ = {
			isa = PBXResourcesBuildPhase;
			buildActionMask = 2147483647;
			files = (
			);
			runOnlyForDeploymentPostprocessing = 0;
		};
		E82AFBEC1C48140700788A32 /* Resources */ = {
			isa = PBXResourcesBuildPhase;
			buildActionMask = 2147483647;
			files = (
			);
			runOnlyForDeploymentPostprocessing = 0;
		};
/* End PBXResourcesBuildPhase section */

/* Begin PBXSourcesBuildPhase section */
		E82AFBCB1C48140700788A32 /* Sources */ = {
			isa = PBXSourcesBuildPhase;
			buildActionMask = 2147483647;
			files = (
				E82AB0F81CAC458B000AB317 /* AppDelegate.swift in Sources */,
				E82AFC151C4814F200788A32 /* SubhashitaViewController.swift in Sources */,
				E82AB0FA1CAC4CC1000AB317 /* Word.swift in Sources */,
				E82AB0FC1CAC519A000AB317 /* DictionaryTableViewController.swift in Sources */,
				E82AFC111C4814F200788A32 /* GeervaniController.swift in Sources */,
				E82429021C482B500074A8E7 /* TopicViewController.swift in Sources */,
				E84905571C4E7AB30010C5D8 /* SentenceTableViewController.swift in Sources */,
				E8BBF2681C9AE0DF0050F6FF /* Topic.swift in Sources */,
				E82429001C481A830074A8E7 /* TopicTableViewController.swift in Sources */,
				E8597E671C52B941005EC1A7 /* FileReaderHelper.swift in Sources */,
			);
			runOnlyForDeploymentPostprocessing = 0;
		};
		E82AFBDF1C48140700788A32 /* Sources */ = {
			isa = PBXSourcesBuildPhase;
			buildActionMask = 2147483647;
			files = (
				E82AFBE81C48140700788A32 /* GeervaniTests.swift in Sources */,
			);
			runOnlyForDeploymentPostprocessing = 0;
		};
		E82AFBEA1C48140700788A32 /* Sources */ = {
			isa = PBXSourcesBuildPhase;
			buildActionMask = 2147483647;
			files = (
				E82AFBF31C48140700788A32 /* GeervaniUITests.swift in Sources */,
			);
			runOnlyForDeploymentPostprocessing = 0;
		};
/* End PBXSourcesBuildPhase section */

/* Begin PBXTargetDependency section */
		E82AFBE51C48140700788A32 /* PBXTargetDependency */ = {
			isa = PBXTargetDependency;
			target = E82AFBCE1C48140700788A32 /* Geervani */;
			targetProxy = E82AFBE41C48140700788A32 /* PBXContainerItemProxy */;
		};
		E82AFBF01C48140700788A32 /* PBXTargetDependency */ = {
			isa = PBXTargetDependency;
			target = E82AFBCE1C48140700788A32 /* Geervani */;
			targetProxy = E82AFBEF1C48140700788A32 /* PBXContainerItemProxy */;
		};
/* End PBXTargetDependency section */

/* Begin PBXVariantGroup section */
		E82AFBD61C48140700788A32 /* Main.storyboard */ = {
			isa = PBXVariantGroup;
			children = (
				E82AFBD71C48140700788A32 /* Base */,
			);
			name = Main.storyboard;
			sourceTree = "<group>";
		};
		E82AFBDB1C48140700788A32 /* LaunchScreen.storyboard */ = {
			isa = PBXVariantGroup;
			children = (
				E82AFBDC1C48140700788A32 /* Base */,
			);
			name = LaunchScreen.storyboard;
			sourceTree = "<group>";
		};
/* End PBXVariantGroup section */

/* Begin XCBuildConfiguration section */
		E82AFBF51C48140700788A32 /* Debug */ = {
			isa = XCBuildConfiguration;
			buildSettings = {
				ALWAYS_SEARCH_USER_PATHS = NO;
				CLANG_CXX_LANGUAGE_STANDARD = "gnu++0x";
				CLANG_CXX_LIBRARY = "libc++";
				CLANG_ENABLE_MODULES = YES;
				CLANG_ENABLE_OBJC_ARC = YES;
				CLANG_WARN_BOOL_CONVERSION = YES;
				CLANG_WARN_CONSTANT_CONVERSION = YES;
				CLANG_WARN_DIRECT_OBJC_ISA_USAGE = YES_ERROR;
				CLANG_WARN_EMPTY_BODY = YES;
				CLANG_WARN_ENUM_CONVERSION = YES;
				CLANG_WARN_INT_CONVERSION = YES;
				CLANG_WARN_OBJC_ROOT_CLASS = YES_ERROR;
				CLANG_WARN_UNREACHABLE_CODE = YES;
				CLANG_WARN__DUPLICATE_METHOD_MATCH = YES;
				"CODE_SIGN_IDENTITY[sdk=iphoneos*]" = "iPhone Developer";
				COPY_PHASE_STRIP = NO;
				DEBUG_INFORMATION_FORMAT = dwarf;
				ENABLE_STRICT_OBJC_MSGSEND = YES;
				ENABLE_TESTABILITY = YES;
				GCC_C_LANGUAGE_STANDARD = gnu99;
				GCC_DYNAMIC_NO_PIC = NO;
				GCC_NO_COMMON_BLOCKS = YES;
				GCC_OPTIMIZATION_LEVEL = 0;
				GCC_PREPROCESSOR_DEFINITIONS = (
					"DEBUG=1",
					"$(inherited)",
				);
				GCC_WARN_64_TO_32_BIT_CONVERSION = YES;
				GCC_WARN_ABOUT_RETURN_TYPE = YES_ERROR;
				GCC_WARN_UNDECLARED_SELECTOR = YES;
				GCC_WARN_UNINITIALIZED_AUTOS = YES_AGGRESSIVE;
				GCC_WARN_UNUSED_FUNCTION = YES;
				GCC_WARN_UNUSED_VARIABLE = YES;
				IPHONEOS_DEPLOYMENT_TARGET = 9.0;
				MTL_ENABLE_DEBUG_INFO = YES;
				ONLY_ACTIVE_ARCH = YES;
				SDKROOT = iphoneos;
				SWIFT_OPTIMIZATION_LEVEL = "-Onone";
				TARGETED_DEVICE_FAMILY = "1,2";
			};
			name = Debug;
		};
		E82AFBF61C48140700788A32 /* Release */ = {
			isa = XCBuildConfiguration;
			buildSettings = {
				ALWAYS_SEARCH_USER_PATHS = NO;
				CLANG_CXX_LANGUAGE_STANDARD = "gnu++0x";
				CLANG_CXX_LIBRARY = "libc++";
				CLANG_ENABLE_MODULES = YES;
				CLANG_ENABLE_OBJC_ARC = YES;
				CLANG_WARN_BOOL_CONVERSION = YES;
				CLANG_WARN_CONSTANT_CONVERSION = YES;
				CLANG_WARN_DIRECT_OBJC_ISA_USAGE = YES_ERROR;
				CLANG_WARN_EMPTY_BODY = YES;
				CLANG_WARN_ENUM_CONVERSION = YES;
				CLANG_WARN_INT_CONVERSION = YES;
				CLANG_WARN_OBJC_ROOT_CLASS = YES_ERROR;
				CLANG_WARN_UNREACHABLE_CODE = YES;
				CLANG_WARN__DUPLICATE_METHOD_MATCH = YES;
				"CODE_SIGN_IDENTITY[sdk=iphoneos*]" = "iPhone Developer";
				COPY_PHASE_STRIP = NO;
				DEBUG_INFORMATION_FORMAT = "dwarf-with-dsym";
				ENABLE_NS_ASSERTIONS = NO;
				ENABLE_STRICT_OBJC_MSGSEND = YES;
				GCC_C_LANGUAGE_STANDARD = gnu99;
				GCC_NO_COMMON_BLOCKS = YES;
				GCC_WARN_64_TO_32_BIT_CONVERSION = YES;
				GCC_WARN_ABOUT_RETURN_TYPE = YES_ERROR;
				GCC_WARN_UNDECLARED_SELECTOR = YES;
				GCC_WARN_UNINITIALIZED_AUTOS = YES_AGGRESSIVE;
				GCC_WARN_UNUSED_FUNCTION = YES;
				GCC_WARN_UNUSED_VARIABLE = YES;
				IPHONEOS_DEPLOYMENT_TARGET = 9.0;
				MTL_ENABLE_DEBUG_INFO = NO;
				SDKROOT = iphoneos;
				TARGETED_DEVICE_FAMILY = "1,2";
				VALIDATE_PRODUCT = YES;
			};
			name = Release;
		};
		E82AFBF81C48140700788A32 /* Debug */ = {
			isa = XCBuildConfiguration;
			buildSettings = {
				ASSETCATALOG_COMPILER_APPICON_NAME = AppIcon;
				CLANG_ENABLE_MODULES = YES;
				CODE_SIGN_IDENTITY = "iPhone Developer";
				INFOPLIST_FILE = Geervani/Info.plist;
				IPHONEOS_DEPLOYMENT_TARGET = 9.0;
				LD_RUNPATH_SEARCH_PATHS = "$(inherited) @executable_path/Frameworks";
				PRODUCT_BUNDLE_IDENTIFIER = com.abheri.Geervani;
				PRODUCT_NAME = "$(TARGET_NAME)";
				SWIFT_OPTIMIZATION_LEVEL = "-Onone";
				TARGETED_DEVICE_FAMILY = 1;
			};
			name = Debug;
		};
		E82AFBF91C48140700788A32 /* Release */ = {
			isa = XCBuildConfiguration;
			buildSettings = {
				ASSETCATALOG_COMPILER_APPICON_NAME = AppIcon;
				CLANG_ENABLE_MODULES = YES;
				CODE_SIGN_IDENTITY = "iPhone Developer";
				INFOPLIST_FILE = Geervani/Info.plist;
				IPHONEOS_DEPLOYMENT_TARGET = 9.0;
				LD_RUNPATH_SEARCH_PATHS = "$(inherited) @executable_path/Frameworks";
				PRODUCT_BUNDLE_IDENTIFIER = com.abheri.Geervani;
				PRODUCT_NAME = "$(TARGET_NAME)";
				TARGETED_DEVICE_FAMILY = 1;
			};
			name = Release;
		};
		E82AFBFB1C48140700788A32 /* Debug */ = {
			isa = XCBuildConfiguration;
			buildSettings = {
				BUNDLE_LOADER = "$(TEST_HOST)";
				INFOPLIST_FILE = GeervaniTests/Info.plist;
				LD_RUNPATH_SEARCH_PATHS = "$(inherited) @executable_path/Frameworks @loader_path/Frameworks";
				PRODUCT_BUNDLE_IDENTIFIER = com.abheri.GeervaniTests;
				PRODUCT_NAME = "$(TARGET_NAME)";
				TEST_HOST = "$(BUILT_PRODUCTS_DIR)/Geervani.app/Geervani";
			};
			name = Debug;
		};
		E82AFBFC1C48140700788A32 /* Release */ = {
			isa = XCBuildConfiguration;
			buildSettings = {
				BUNDLE_LOADER = "$(TEST_HOST)";
				INFOPLIST_FILE = GeervaniTests/Info.plist;
				LD_RUNPATH_SEARCH_PATHS = "$(inherited) @executable_path/Frameworks @loader_path/Frameworks";
				PRODUCT_BUNDLE_IDENTIFIER = com.abheri.GeervaniTests;
				PRODUCT_NAME = "$(TARGET_NAME)";
				TEST_HOST = "$(BUILT_PRODUCTS_DIR)/Geervani.app/Geervani";
			};
			name = Release;
		};
		E82AFBFE1C48140700788A32 /* Debug */ = {
			isa = XCBuildConfiguration;
			buildSettings = {
				INFOPLIST_FILE = GeervaniUITests/Info.plist;
				LD_RUNPATH_SEARCH_PATHS = "$(inherited) @executable_path/Frameworks @loader_path/Frameworks";
				PRODUCT_BUNDLE_IDENTIFIER = com.abheri.GeervaniUITests;
				PRODUCT_NAME = "$(TARGET_NAME)";
				TEST_TARGET_NAME = Geervani;
				USES_XCTRUNNER = YES;
			};
			name = Debug;
		};
		E82AFBFF1C48140700788A32 /* Release */ = {
			isa = XCBuildConfiguration;
			buildSettings = {
				INFOPLIST_FILE = GeervaniUITests/Info.plist;
				LD_RUNPATH_SEARCH_PATHS = "$(inherited) @executable_path/Frameworks @loader_path/Frameworks";
				PRODUCT_BUNDLE_IDENTIFIER = com.abheri.GeervaniUITests;
				PRODUCT_NAME = "$(TARGET_NAME)";
				TEST_TARGET_NAME = Geervani;
				USES_XCTRUNNER = YES;
			};
			name = Release;
		};
/* End XCBuildConfiguration section */

/* Begin XCConfigurationList section */
		E82AFBCA1C48140700788A32 /* Build configuration list for PBXProject "Geervani" */ = {
			isa = XCConfigurationList;
			buildConfigurations = (
				E82AFBF51C48140700788A32 /* Debug */,
				E82AFBF61C48140700788A32 /* Release */,
			);
			defaultConfigurationIsVisible = 0;
			defaultConfigurationName = Release;
		};
		E82AFBF71C48140700788A32 /* Build configuration list for PBXNativeTarget "Geervani" */ = {
			isa = XCConfigurationList;
			buildConfigurations = (
				E82AFBF81C48140700788A32 /* Debug */,
				E82AFBF91C48140700788A32 /* Release */,
			);
			defaultConfigurationIsVisible = 0;
			defaultConfigurationName = Release;
		};
		E82AFBFA1C48140700788A32 /* Build configuration list for PBXNativeTarget "GeervaniTests" */ = {
			isa = XCConfigurationList;
			buildConfigurations = (
				E82AFBFB1C48140700788A32 /* Debug */,
				E82AFBFC1C48140700788A32 /* Release */,
			);
			defaultConfigurationIsVisible = 0;
			defaultConfigurationName = Release;
		};
		E82AFBFD1C48140700788A32 /* Build configuration list for PBXNativeTarget "GeervaniUITests" */ = {
			isa = XCConfigurationList;
			buildConfigurations = (
				E82AFBFE1C48140700788A32 /* Debug */,
				E82AFBFF1C48140700788A32 /* Release */,
			);
			defaultConfigurationIsVisible = 0;
			defaultConfigurationName = Release;
		};
/* End XCConfigurationList section */
	};
	rootObject = E82AFBC71C48140700788A32 /* Project object */;
}
