// !$*UTF8*$!
{
	archiveVersion = 1;
	classes = {
	};
	objectVersion = 46;
	objects = {

/* Begin PBXBuildFile section */
		52558AB9BD37E85081A5B900 /* Pods_Geervani.framework in Frameworks */ = {isa = PBXBuildFile; fileRef = 80BC94E7C4CEAA30E1F56F3C /* Pods_Geervani.framework */; };
		57939446F127117A6FA61654 /* Pods_GeervaniUITests.framework in Frameworks */ = {isa = PBXBuildFile; fileRef = ADB5A421BBCC9B43BE2ED9E7 /* Pods_GeervaniUITests.framework */; };
		A24B08051D1EB455007B2935 /* AppDelegate.swift in Sources */ = {isa = PBXBuildFile; fileRef = A24B08041D1EB455007B2935 /* AppDelegate.swift */; };
		A24B080A1D1EB455007B2935 /* Main.storyboard in Resources */ = {isa = PBXBuildFile; fileRef = A24B08081D1EB455007B2935 /* Main.storyboard */; };
		A24B080C1D1EB455007B2935 /* Assets.xcassets in Resources */ = {isa = PBXBuildFile; fileRef = A24B080B1D1EB455007B2935 /* Assets.xcassets */; };
		A24B080F1D1EB455007B2935 /* LaunchScreen.storyboard in Resources */ = {isa = PBXBuildFile; fileRef = A24B080D1D1EB455007B2935 /* LaunchScreen.storyboard */; };
		A24B081A1D1EB455007B2935 /* GeervaniTests.swift in Sources */ = {isa = PBXBuildFile; fileRef = A24B08191D1EB455007B2935 /* GeervaniTests.swift */; };
		A24B08251D1EB455007B2935 /* GeervaniUITests.swift in Sources */ = {isa = PBXBuildFile; fileRef = A24B08241D1EB455007B2935 /* GeervaniUITests.swift */; };
		A24B08421D1EB646007B2935 /* TopicDeserializer.swift in Sources */ = {isa = PBXBuildFile; fileRef = A24B08401D1EB646007B2935 /* TopicDeserializer.swift */; };
		A24B08431D1EB646007B2935 /* TopicDetailsDeserializer.swift in Sources */ = {isa = PBXBuildFile; fileRef = A24B08411D1EB646007B2935 /* TopicDetailsDeserializer.swift */; };
		A24B08471D1EB663007B2935 /* home_img.jpg in Resources */ = {isa = PBXBuildFile; fileRef = A24B08441D1EB663007B2935 /* home_img.jpg */; };
		A24B08481D1EB663007B2935 /* ic_launcher.png in Resources */ = {isa = PBXBuildFile; fileRef = A24B08451D1EB663007B2935 /* ic_launcher.png */; };
		A24B08491D1EB663007B2935 /* splash.png in Resources */ = {isa = PBXBuildFile; fileRef = A24B08461D1EB663007B2935 /* splash.png */; };
		A24B084B1D1EB66A007B2935 /* TabProvider.swift in Sources */ = {isa = PBXBuildFile; fileRef = A24B084A1D1EB66A007B2935 /* TabProvider.swift */; };
		A24B084D1D1EB680007B2935 /* URLSessionClient.swift in Sources */ = {isa = PBXBuildFile; fileRef = A24B084C1D1EB680007B2935 /* URLSessionClient.swift */; };
		A24B08501D1EB6AB007B2935 /* TopicDetailsStorage.swift in Sources */ = {isa = PBXBuildFile; fileRef = A24B084E1D1EB6AB007B2935 /* TopicDetailsStorage.swift */; };
		A24B08511D1EB6AB007B2935 /* TopicStorage.swift in Sources */ = {isa = PBXBuildFile; fileRef = A24B084F1D1EB6AB007B2935 /* TopicStorage.swift */; };
		A24B08541D1EB6B3007B2935 /* TopicDetailsRepository.swift in Sources */ = {isa = PBXBuildFile; fileRef = A24B08521D1EB6B3007B2935 /* TopicDetailsRepository.swift */; };
		A24B08551D1EB6B3007B2935 /* TopicsRepository.swift in Sources */ = {isa = PBXBuildFile; fileRef = A24B08531D1EB6B3007B2935 /* TopicsRepository.swift */; };
		A24B08581D1EB6BA007B2935 /* 20160625125350827_Topics.sql in Resources */ = {isa = PBXBuildFile; fileRef = A24B08561D1EB6BA007B2935 /* 20160625125350827_Topics.sql */; };
		A24B08591D1EB6BA007B2935 /* 20160625160305548_TopicDetails.sql in Resources */ = {isa = PBXBuildFile; fileRef = A24B08571D1EB6BA007B2935 /* 20160625160305548_TopicDetails.sql */; };
		A24B085E1D1EB6C2007B2935 /* InsertQuery.swift in Sources */ = {isa = PBXBuildFile; fileRef = A24B085A1D1EB6C2007B2935 /* InsertQuery.swift */; };
		A24B085F1D1EB6C2007B2935 /* QueryStringBuilder.swift in Sources */ = {isa = PBXBuildFile; fileRef = A24B085B1D1EB6C2007B2935 /* QueryStringBuilder.swift */; };
		A24B08601D1EB6C2007B2935 /* SQLiteDatabaseConnection.swift in Sources */ = {isa = PBXBuildFile; fileRef = A24B085C1D1EB6C2007B2935 /* SQLiteDatabaseConnection.swift */; };
		A24B08611D1EB6C2007B2935 /* SQLiteTableStore.swift in Sources */ = {isa = PBXBuildFile; fileRef = A24B085D1D1EB6C2007B2935 /* SQLiteTableStore.swift */; };
		A24B087C1D1EB728007B2935 /* AllTopics.json in Resources */ = {isa = PBXBuildFile; fileRef = A24B08651D1EB728007B2935 /* AllTopics.json */; };
		A24B087D1D1EB728007B2935 /* Commerce.txt in Resources */ = {isa = PBXBuildFile; fileRef = A24B08661D1EB728007B2935 /* Commerce.txt */; };
		A24B087E1D1EB728007B2935 /* Domestic.txt in Resources */ = {isa = PBXBuildFile; fileRef = A24B08671D1EB728007B2935 /* Domestic.txt */; };
		A24B087F1D1EB728007B2935 /* DressJewelry.txt in Resources */ = {isa = PBXBuildFile; fileRef = A24B08681D1EB728007B2935 /* DressJewelry.txt */; };
		A24B08801D1EB728007B2935 /* DressJwellery.txt in Resources */ = {isa = PBXBuildFile; fileRef = A24B08691D1EB728007B2935 /* DressJwellery.txt */; };
		A24B08811D1EB728007B2935 /* Etiquettes.txt in Resources */ = {isa = PBXBuildFile; fileRef = A24B086A1D1EB728007B2935 /* Etiquettes.txt */; };
		A24B08821D1EB728007B2935 /* Examination.txt in Resources */ = {isa = PBXBuildFile; fileRef = A24B086B1D1EB728007B2935 /* Examination.txt */; };
		A24B08831D1EB728007B2935 /* Films.txt in Resources */ = {isa = PBXBuildFile; fileRef = A24B086C1D1EB728007B2935 /* Films.txt */; };
		A24B08841D1EB728007B2935 /* Food.txt in Resources */ = {isa = PBXBuildFile; fileRef = A24B086D1D1EB728007B2935 /* Food.txt */; };
		A24B08851D1EB728007B2935 /* Greetings.txt in Resources */ = {isa = PBXBuildFile; fileRef = A24B086E1D1EB728007B2935 /* Greetings.txt */; };
		A24B08861D1EB728007B2935 /* infodata.txt in Resources */ = {isa = PBXBuildFile; fileRef = A24B086F1D1EB728007B2935 /* infodata.txt */; };
		A24B08871D1EB728007B2935 /* Introduction.txt in Resources */ = {isa = PBXBuildFile; fileRef = A24B08701D1EB728007B2935 /* Introduction.txt */; };
		A24B08881D1EB728007B2935 /* Journey.txt in Resources */ = {isa = PBXBuildFile; fileRef = A24B08711D1EB728007B2935 /* Journey.txt */; };
		A24B08891D1EB728007B2935 /* MeetingFriends.txt in Resources */ = {isa = PBXBuildFile; fileRef = A24B08721D1EB728007B2935 /* MeetingFriends.txt */; };
		A24B088A1D1EB728007B2935 /* OnArrival.txt in Resources */ = {isa = PBXBuildFile; fileRef = A24B08731D1EB728007B2935 /* OnArrival.txt */; };
		A24B088B1D1EB728007B2935 /* Students.txt in Resources */ = {isa = PBXBuildFile; fileRef = A24B08741D1EB728007B2935 /* Students.txt */; };
		A24B088C1D1EB728007B2935 /* subhashitani.txt in Resources */ = {isa = PBXBuildFile; fileRef = A24B08751D1EB728007B2935 /* subhashitani.txt */; };
		A24B088D1D1EB728007B2935 /* Teachers.txt in Resources */ = {isa = PBXBuildFile; fileRef = A24B08761D1EB728007B2935 /* Teachers.txt */; };
		A24B088E1D1EB728007B2935 /* Telephone.txt in Resources */ = {isa = PBXBuildFile; fileRef = A24B08771D1EB728007B2935 /* Telephone.txt */; };
		A24B088F1D1EB728007B2935 /* Time.txt in Resources */ = {isa = PBXBuildFile; fileRef = A24B08781D1EB728007B2935 /* Time.txt */; };
		A24B08901D1EB728007B2935 /* Train.txt in Resources */ = {isa = PBXBuildFile; fileRef = A24B08791D1EB728007B2935 /* Train.txt */; };
		A24B08911D1EB728007B2935 /* Weather.txt in Resources */ = {isa = PBXBuildFile; fileRef = A24B087A1D1EB728007B2935 /* Weather.txt */; };
		A24B08921D1EB728007B2935 /* Women.txt in Resources */ = {isa = PBXBuildFile; fileRef = A24B087B1D1EB728007B2935 /* Women.txt */; };
		A24B08941D1EB733007B2935 /* subhashitani.txt in Resources */ = {isa = PBXBuildFile; fileRef = A24B08931D1EB733007B2935 /* subhashitani.txt */; };
		A24B08AF1D1EB73B007B2935 /* LetterA.txt in Resources */ = {isa = PBXBuildFile; fileRef = A24B08951D1EB73B007B2935 /* LetterA.txt */; };
		A24B08B01D1EB73B007B2935 /* LetterB.txt in Resources */ = {isa = PBXBuildFile; fileRef = A24B08961D1EB73B007B2935 /* LetterB.txt */; };
		A24B08B11D1EB73B007B2935 /* LetterC.txt in Resources */ = {isa = PBXBuildFile; fileRef = A24B08971D1EB73B007B2935 /* LetterC.txt */; };
		A24B08B21D1EB73B007B2935 /* LetterD.txt in Resources */ = {isa = PBXBuildFile; fileRef = A24B08981D1EB73B007B2935 /* LetterD.txt */; };
		A24B08B31D1EB73B007B2935 /* LetterE.txt in Resources */ = {isa = PBXBuildFile; fileRef = A24B08991D1EB73B007B2935 /* LetterE.txt */; };
		A24B08B41D1EB73B007B2935 /* LetterF.txt in Resources */ = {isa = PBXBuildFile; fileRef = A24B089A1D1EB73B007B2935 /* LetterF.txt */; };
		A24B08B51D1EB73B007B2935 /* LetterG.txt in Resources */ = {isa = PBXBuildFile; fileRef = A24B089B1D1EB73B007B2935 /* LetterG.txt */; };
		A24B08B61D1EB73B007B2935 /* LetterH.txt in Resources */ = {isa = PBXBuildFile; fileRef = A24B089C1D1EB73B007B2935 /* LetterH.txt */; };
		A24B08B71D1EB73B007B2935 /* LetterI.txt in Resources */ = {isa = PBXBuildFile; fileRef = A24B089D1D1EB73B007B2935 /* LetterI.txt */; };
		A24B08B81D1EB73B007B2935 /* LetterJ.txt in Resources */ = {isa = PBXBuildFile; fileRef = A24B089E1D1EB73B007B2935 /* LetterJ.txt */; };
		A24B08B91D1EB73B007B2935 /* LetterK.txt in Resources */ = {isa = PBXBuildFile; fileRef = A24B089F1D1EB73B007B2935 /* LetterK.txt */; };
		A24B08BA1D1EB73B007B2935 /* LetterL.txt in Resources */ = {isa = PBXBuildFile; fileRef = A24B08A01D1EB73B007B2935 /* LetterL.txt */; };
		A24B08BB1D1EB73B007B2935 /* LetterM.txt in Resources */ = {isa = PBXBuildFile; fileRef = A24B08A11D1EB73B007B2935 /* LetterM.txt */; };
		A24B08BC1D1EB73B007B2935 /* LetterN.txt in Resources */ = {isa = PBXBuildFile; fileRef = A24B08A21D1EB73B007B2935 /* LetterN.txt */; };
		A24B08BD1D1EB73B007B2935 /* LetterO.txt in Resources */ = {isa = PBXBuildFile; fileRef = A24B08A31D1EB73B007B2935 /* LetterO.txt */; };
		A24B08BE1D1EB73B007B2935 /* LetterP.txt in Resources */ = {isa = PBXBuildFile; fileRef = A24B08A41D1EB73B007B2935 /* LetterP.txt */; };
		A24B08BF1D1EB73B007B2935 /* LetterQ.txt in Resources */ = {isa = PBXBuildFile; fileRef = A24B08A51D1EB73B007B2935 /* LetterQ.txt */; };
		A24B08C01D1EB73B007B2935 /* LetterR.txt in Resources */ = {isa = PBXBuildFile; fileRef = A24B08A61D1EB73B007B2935 /* LetterR.txt */; };
		A24B08C11D1EB73B007B2935 /* LetterS.txt in Resources */ = {isa = PBXBuildFile; fileRef = A24B08A71D1EB73B007B2935 /* LetterS.txt */; };
		A24B08C21D1EB73B007B2935 /* LetterT.txt in Resources */ = {isa = PBXBuildFile; fileRef = A24B08A81D1EB73B007B2935 /* LetterT.txt */; };
		A24B08C31D1EB73B007B2935 /* LetterU.txt in Resources */ = {isa = PBXBuildFile; fileRef = A24B08A91D1EB73B007B2935 /* LetterU.txt */; };
		A24B08C41D1EB73B007B2935 /* LetterV.txt in Resources */ = {isa = PBXBuildFile; fileRef = A24B08AA1D1EB73B007B2935 /* LetterV.txt */; };
		A24B08C51D1EB73B007B2935 /* LetterW.txt in Resources */ = {isa = PBXBuildFile; fileRef = A24B08AB1D1EB73B007B2935 /* LetterW.txt */; };
		A24B08C61D1EB73B007B2935 /* LetterX.txt in Resources */ = {isa = PBXBuildFile; fileRef = A24B08AC1D1EB73B007B2935 /* LetterX.txt */; };
		A24B08C71D1EB73B007B2935 /* LetterY.txt in Resources */ = {isa = PBXBuildFile; fileRef = A24B08AD1D1EB73B007B2935 /* LetterY.txt */; };
		A24B08C81D1EB73B007B2935 /* LetterZ.txt in Resources */ = {isa = PBXBuildFile; fileRef = A24B08AE1D1EB73B007B2935 /* LetterZ.txt */; };
		A24B08CC1D1EB756007B2935 /* Topic.swift in Sources */ = {isa = PBXBuildFile; fileRef = A24B08C91D1EB756007B2935 /* Topic.swift */; };
		A24B08CD1D1EB756007B2935 /* TopicDetail.swift in Sources */ = {isa = PBXBuildFile; fileRef = A24B08CA1D1EB756007B2935 /* TopicDetail.swift */; };
		A24B08CE1D1EB756007B2935 /* Word.swift in Sources */ = {isa = PBXBuildFile; fileRef = A24B08CB1D1EB756007B2935 /* Word.swift */; };
		A24B08DB1D1EB7AF007B2935 /* TopicController.swift in Sources */ = {isa = PBXBuildFile; fileRef = A24B08D71D1EB7AF007B2935 /* TopicController.swift */; };
		A24B08DC1D1EB7AF007B2935 /* TopicController.xib in Resources */ = {isa = PBXBuildFile; fileRef = A24B08D81D1EB7AF007B2935 /* TopicController.xib */; };
		A24B08DD1D1EB7AF007B2935 /* TopicDetailsController.swift in Sources */ = {isa = PBXBuildFile; fileRef = A24B08D91D1EB7AF007B2935 /* TopicDetailsController.swift */; };
		A24B08DE1D1EB7AF007B2935 /* TopicDetailsController.xib in Resources */ = {isa = PBXBuildFile; fileRef = A24B08DA1D1EB7AF007B2935 /* TopicDetailsController.xib */; };
		A24B08E11D1EB7B8007B2935 /* InfoController.swift in Sources */ = {isa = PBXBuildFile; fileRef = A24B08DF1D1EB7B8007B2935 /* InfoController.swift */; };
		A24B08E21D1EB7B8007B2935 /* InfoController.xib in Resources */ = {isa = PBXBuildFile; fileRef = A24B08E01D1EB7B8007B2935 /* InfoController.xib */; };
		A24B08E51D1EB7C2007B2935 /* SubhashitaController.swift in Sources */ = {isa = PBXBuildFile; fileRef = A24B08E31D1EB7C2007B2935 /* SubhashitaController.swift */; };
		A24B08E61D1EB7C2007B2935 /* SubhashitaController.xib in Resources */ = {isa = PBXBuildFile; fileRef = A24B08E41D1EB7C2007B2935 /* SubhashitaController.xib */; };
		E8228B221DFDBC36005278E4 /* info.html in Resources */ = {isa = PBXBuildFile; fileRef = E8228B211DFDBC36005278E4 /* info.html */; };
		E842CB92CF5F65FCD6B6F9FC /* Pods_GeervaniTests.framework in Frameworks */ = {isa = PBXBuildFile; fileRef = 95FF5923B618CCBA439AE8A3 /* Pods_GeervaniTests.framework */; };
		E84EA0831D292EA200CEA8F6 /* DictionaryTableCell.swift in Sources */ = {isa = PBXBuildFile; fileRef = E84EA0811D292EA200CEA8F6 /* DictionaryTableCell.swift */; };
		E84EA0841D292EA200CEA8F6 /* DictionaryTableCell.xib in Resources */ = {isa = PBXBuildFile; fileRef = E84EA0821D292EA200CEA8F6 /* DictionaryTableCell.xib */; };
		E8B46D541FC893130018E38F /* GoogleMobileAds.framework in Frameworks */ = {isa = PBXBuildFile; fileRef = E8B46D531FC893130018E38F /* GoogleMobileAds.framework */; };
		E8B46D571FC8935D0018E38F /* EventKit.framework in Frameworks */ = {isa = PBXBuildFile; fileRef = E8B46D551FC8935D0018E38F /* EventKit.framework */; };
		E8B46D581FC8935D0018E38F /* EventKitUI.framework in Frameworks */ = {isa = PBXBuildFile; fileRef = E8B46D561FC8935D0018E38F /* EventKitUI.framework */; };
		E8B46D5A1FC893660018E38F /* AVFoundation.framework in Frameworks */ = {isa = PBXBuildFile; fileRef = E8B46D591FC893660018E38F /* AVFoundation.framework */; };
		E8B46D5C1FC893730018E38F /* AdSupport.framework in Frameworks */ = {isa = PBXBuildFile; fileRef = E8B46D5B1FC893730018E38F /* AdSupport.framework */; };
		E8B46D5E1FC8937E0018E38F /* AudioToolbox.framework in Frameworks */ = {isa = PBXBuildFile; fileRef = E8B46D5D1FC8937E0018E38F /* AudioToolbox.framework */; };
		E8B46D601FC893880018E38F /* CoreGraphics.framework in Frameworks */ = {isa = PBXBuildFile; fileRef = E8B46D5F1FC893880018E38F /* CoreGraphics.framework */; };
		E8B46D621FC893900018E38F /* CoreTelephony.framework in Frameworks */ = {isa = PBXBuildFile; fileRef = E8B46D611FC893900018E38F /* CoreTelephony.framework */; };
		E8B46D641FC893970018E38F /* CoreMedia.framework in Frameworks */ = {isa = PBXBuildFile; fileRef = E8B46D631FC893970018E38F /* CoreMedia.framework */; };
		E8B46D661FC8939E0018E38F /* MessageUI.framework in Frameworks */ = {isa = PBXBuildFile; fileRef = E8B46D651FC8939E0018E38F /* MessageUI.framework */; };
		E8B46D681FC893A80018E38F /* StoreKit.framework in Frameworks */ = {isa = PBXBuildFile; fileRef = E8B46D671FC893A80018E38F /* StoreKit.framework */; };
		E8B46D6A1FC893AF0018E38F /* SystemConfiguration.framework in Frameworks */ = {isa = PBXBuildFile; fileRef = E8B46D691FC893AF0018E38F /* SystemConfiguration.framework */; };
		E8BA5CA01FC0401200980F6E /* GameKit.framework in Frameworks */ = {isa = PBXBuildFile; fileRef = E8BA5C9F1FC0401200980F6E /* GameKit.framework */; };
		E8C63C6C1DFC715200ED866F /* SubhashitaDeserializer.swift in Sources */ = {isa = PBXBuildFile; fileRef = E8C63C6B1DFC715200ED866F /* SubhashitaDeserializer.swift */; };
		E8C63C6E1DFC7F3D00ED866F /* 20161210235059324_CreateSubhashitaTable.sql in Resources */ = {isa = PBXBuildFile; fileRef = E8C63C6D1DFC7F3D00ED866F /* 20161210235059324_CreateSubhashitaTable.sql */; };
		E8D485A61D214E830020C8F0 /* 20160627173438948_Words.sql in Resources */ = {isa = PBXBuildFile; fileRef = E8D485A51D214E830020C8F0 /* 20160627173438948_Words.sql */; };
		E8D485A81D2151A50020C8F0 /* WordStorage.swift in Sources */ = {isa = PBXBuildFile; fileRef = E8D485A71D2151A50020C8F0 /* WordStorage.swift */; };
		E8D485AA1D21586A0020C8F0 /* WordRepository.swift in Sources */ = {isa = PBXBuildFile; fileRef = E8D485A91D21586A0020C8F0 /* WordRepository.swift */; };
		E8D485AC1D215A820020C8F0 /* WordDeserializer.swift in Sources */ = {isa = PBXBuildFile; fileRef = E8D485AB1D215A820020C8F0 /* WordDeserializer.swift */; };
		E8D485B71D2194A70020C8F0 /* DictionaryController.swift in Sources */ = {isa = PBXBuildFile; fileRef = E8D485B51D2194A70020C8F0 /* DictionaryController.swift */; };
		E8D485B81D2194A70020C8F0 /* DictionaryController.xib in Resources */ = {isa = PBXBuildFile; fileRef = E8D485B61D2194A70020C8F0 /* DictionaryController.xib */; };
		E8E0589C1DFB1717002DA0D5 /* SubhashitaStorage.swift in Sources */ = {isa = PBXBuildFile; fileRef = E8E0589B1DFB1717002DA0D5 /* SubhashitaStorage.swift */; };
		E8E0589E1DFB19E3002DA0D5 /* Subhashia.swift in Sources */ = {isa = PBXBuildFile; fileRef = E8E0589D1DFB19E3002DA0D5 /* Subhashia.swift */; };
		E8E058A01DFB1D67002DA0D5 /* SubhashitaRepository.swift in Sources */ = {isa = PBXBuildFile; fileRef = E8E0589F1DFB1D67002DA0D5 /* SubhashitaRepository.swift */; };
/* End PBXBuildFile section */

/* Begin PBXContainerItemProxy section */
		A24B08161D1EB455007B2935 /* PBXContainerItemProxy */ = {
			isa = PBXContainerItemProxy;
			containerPortal = A24B07F91D1EB455007B2935 /* Project object */;
			proxyType = 1;
			remoteGlobalIDString = A24B08001D1EB455007B2935;
			remoteInfo = Geervani;
		};
		A24B08211D1EB455007B2935 /* PBXContainerItemProxy */ = {
			isa = PBXContainerItemProxy;
			containerPortal = A24B07F91D1EB455007B2935 /* Project object */;
			proxyType = 1;
			remoteGlobalIDString = A24B08001D1EB455007B2935;
			remoteInfo = Geervani;
		};
/* End PBXContainerItemProxy section */

/* Begin PBXFileReference section */
		1D211EBE1EB049780085A861 /* Geervani-Bridging-Header.h */ = {isa = PBXFileReference; lastKnownFileType = sourcecode.c.h; path = "Geervani-Bridging-Header.h"; sourceTree = "<group>"; };
		4591D99F954B6F8CD835BB2E /* Pods-GeervaniTests.release.xcconfig */ = {isa = PBXFileReference; includeInIndex = 1; lastKnownFileType = text.xcconfig; name = "Pods-GeervaniTests.release.xcconfig"; path = "Pods/Target Support Files/Pods-GeervaniTests/Pods-GeervaniTests.release.xcconfig"; sourceTree = "<group>"; };
		78C6A04EBF92EC420BB49315 /* Pods-GeervaniUITests.release.xcconfig */ = {isa = PBXFileReference; includeInIndex = 1; lastKnownFileType = text.xcconfig; name = "Pods-GeervaniUITests.release.xcconfig"; path = "Pods/Target Support Files/Pods-GeervaniUITests/Pods-GeervaniUITests.release.xcconfig"; sourceTree = "<group>"; };
		80BC94E7C4CEAA30E1F56F3C /* Pods_Geervani.framework */ = {isa = PBXFileReference; explicitFileType = wrapper.framework; includeInIndex = 0; path = Pods_Geervani.framework; sourceTree = BUILT_PRODUCTS_DIR; };
		82807482CB38519757106459 /* Pods-Geervani.debug.xcconfig */ = {isa = PBXFileReference; includeInIndex = 1; lastKnownFileType = text.xcconfig; name = "Pods-Geervani.debug.xcconfig"; path = "Pods/Target Support Files/Pods-Geervani/Pods-Geervani.debug.xcconfig"; sourceTree = "<group>"; };
		95FF5923B618CCBA439AE8A3 /* Pods_GeervaniTests.framework */ = {isa = PBXFileReference; explicitFileType = wrapper.framework; includeInIndex = 0; path = Pods_GeervaniTests.framework; sourceTree = BUILT_PRODUCTS_DIR; };
		A24B08011D1EB455007B2935 /* Geervani.app */ = {isa = PBXFileReference; explicitFileType = wrapper.application; includeInIndex = 0; path = Geervani.app; sourceTree = BUILT_PRODUCTS_DIR; };
		A24B08041D1EB455007B2935 /* AppDelegate.swift */ = {isa = PBXFileReference; lastKnownFileType = sourcecode.swift; path = AppDelegate.swift; sourceTree = "<group>"; };
		A24B08091D1EB455007B2935 /* Base */ = {isa = PBXFileReference; lastKnownFileType = file.storyboard; name = Base; path = Base.lproj/Main.storyboard; sourceTree = "<group>"; };
		A24B080B1D1EB455007B2935 /* Assets.xcassets */ = {isa = PBXFileReference; lastKnownFileType = folder.assetcatalog; path = Assets.xcassets; sourceTree = "<group>"; };
		A24B080E1D1EB455007B2935 /* Base */ = {isa = PBXFileReference; lastKnownFileType = file.storyboard; name = Base; path = Base.lproj/LaunchScreen.storyboard; sourceTree = "<group>"; };
		A24B08101D1EB455007B2935 /* Info.plist */ = {isa = PBXFileReference; lastKnownFileType = text.plist.xml; path = Info.plist; sourceTree = "<group>"; };
		A24B08151D1EB455007B2935 /* GeervaniTests.xctest */ = {isa = PBXFileReference; explicitFileType = wrapper.cfbundle; includeInIndex = 0; path = GeervaniTests.xctest; sourceTree = BUILT_PRODUCTS_DIR; };
		A24B08191D1EB455007B2935 /* GeervaniTests.swift */ = {isa = PBXFileReference; lastKnownFileType = sourcecode.swift; path = GeervaniTests.swift; sourceTree = "<group>"; };
		A24B081B1D1EB455007B2935 /* Info.plist */ = {isa = PBXFileReference; lastKnownFileType = text.plist.xml; path = Info.plist; sourceTree = "<group>"; };
		A24B08201D1EB455007B2935 /* GeervaniUITests.xctest */ = {isa = PBXFileReference; explicitFileType = wrapper.cfbundle; includeInIndex = 0; path = GeervaniUITests.xctest; sourceTree = BUILT_PRODUCTS_DIR; };
		A24B08241D1EB455007B2935 /* GeervaniUITests.swift */ = {isa = PBXFileReference; lastKnownFileType = sourcecode.swift; path = GeervaniUITests.swift; sourceTree = "<group>"; };
		A24B08261D1EB455007B2935 /* Info.plist */ = {isa = PBXFileReference; lastKnownFileType = text.plist.xml; path = Info.plist; sourceTree = "<group>"; };
		A24B08401D1EB646007B2935 /* TopicDeserializer.swift */ = {isa = PBXFileReference; fileEncoding = 4; lastKnownFileType = sourcecode.swift; path = TopicDeserializer.swift; sourceTree = "<group>"; };
		A24B08411D1EB646007B2935 /* TopicDetailsDeserializer.swift */ = {isa = PBXFileReference; fileEncoding = 4; lastKnownFileType = sourcecode.swift; path = TopicDetailsDeserializer.swift; sourceTree = "<group>"; };
		A24B08441D1EB663007B2935 /* home_img.jpg */ = {isa = PBXFileReference; lastKnownFileType = image.jpeg; path = home_img.jpg; sourceTree = "<group>"; };
		A24B08451D1EB663007B2935 /* ic_launcher.png */ = {isa = PBXFileReference; lastKnownFileType = image.png; path = ic_launcher.png; sourceTree = "<group>"; };
		A24B08461D1EB663007B2935 /* splash.png */ = {isa = PBXFileReference; lastKnownFileType = image.png; path = splash.png; sourceTree = "<group>"; };
		A24B084A1D1EB66A007B2935 /* TabProvider.swift */ = {isa = PBXFileReference; fileEncoding = 4; lastKnownFileType = sourcecode.swift; path = TabProvider.swift; sourceTree = "<group>"; };
		A24B084C1D1EB680007B2935 /* URLSessionClient.swift */ = {isa = PBXFileReference; fileEncoding = 4; lastKnownFileType = sourcecode.swift; path = URLSessionClient.swift; sourceTree = "<group>"; };
		A24B084E1D1EB6AB007B2935 /* TopicDetailsStorage.swift */ = {isa = PBXFileReference; fileEncoding = 4; lastKnownFileType = sourcecode.swift; path = TopicDetailsStorage.swift; sourceTree = "<group>"; };
		A24B084F1D1EB6AB007B2935 /* TopicStorage.swift */ = {isa = PBXFileReference; fileEncoding = 4; lastKnownFileType = sourcecode.swift; path = TopicStorage.swift; sourceTree = "<group>"; };
		A24B08521D1EB6B3007B2935 /* TopicDetailsRepository.swift */ = {isa = PBXFileReference; fileEncoding = 4; lastKnownFileType = sourcecode.swift; path = TopicDetailsRepository.swift; sourceTree = "<group>"; };
		A24B08531D1EB6B3007B2935 /* TopicsRepository.swift */ = {isa = PBXFileReference; fileEncoding = 4; lastKnownFileType = sourcecode.swift; path = TopicsRepository.swift; sourceTree = "<group>"; };
		A24B08561D1EB6BA007B2935 /* 20160625125350827_Topics.sql */ = {isa = PBXFileReference; fileEncoding = 4; lastKnownFileType = text; path = 20160625125350827_Topics.sql; sourceTree = "<group>"; };
		A24B08571D1EB6BA007B2935 /* 20160625160305548_TopicDetails.sql */ = {isa = PBXFileReference; fileEncoding = 4; lastKnownFileType = text; path = 20160625160305548_TopicDetails.sql; sourceTree = "<group>"; };
		A24B085A1D1EB6C2007B2935 /* InsertQuery.swift */ = {isa = PBXFileReference; fileEncoding = 4; lastKnownFileType = sourcecode.swift; path = InsertQuery.swift; sourceTree = "<group>"; };
		A24B085B1D1EB6C2007B2935 /* QueryStringBuilder.swift */ = {isa = PBXFileReference; fileEncoding = 4; lastKnownFileType = sourcecode.swift; path = QueryStringBuilder.swift; sourceTree = "<group>"; };
		A24B085C1D1EB6C2007B2935 /* SQLiteDatabaseConnection.swift */ = {isa = PBXFileReference; fileEncoding = 4; lastKnownFileType = sourcecode.swift; path = SQLiteDatabaseConnection.swift; sourceTree = "<group>"; };
		A24B085D1D1EB6C2007B2935 /* SQLiteTableStore.swift */ = {isa = PBXFileReference; fileEncoding = 4; lastKnownFileType = sourcecode.swift; path = SQLiteTableStore.swift; sourceTree = "<group>"; };
		A24B08651D1EB728007B2935 /* AllTopics.json */ = {isa = PBXFileReference; fileEncoding = 4; lastKnownFileType = text.json; path = AllTopics.json; sourceTree = "<group>"; };
		A24B08661D1EB728007B2935 /* Commerce.txt */ = {isa = PBXFileReference; fileEncoding = 4; lastKnownFileType = text; path = Commerce.txt; sourceTree = "<group>"; };
		A24B08671D1EB728007B2935 /* Domestic.txt */ = {isa = PBXFileReference; fileEncoding = 4; lastKnownFileType = text; path = Domestic.txt; sourceTree = "<group>"; };
		A24B08681D1EB728007B2935 /* DressJewelry.txt */ = {isa = PBXFileReference; fileEncoding = 4; lastKnownFileType = text; path = DressJewelry.txt; sourceTree = "<group>"; };
		A24B08691D1EB728007B2935 /* DressJwellery.txt */ = {isa = PBXFileReference; fileEncoding = 4; lastKnownFileType = text; path = DressJwellery.txt; sourceTree = "<group>"; };
		A24B086A1D1EB728007B2935 /* Etiquettes.txt */ = {isa = PBXFileReference; fileEncoding = 4; lastKnownFileType = text; path = Etiquettes.txt; sourceTree = "<group>"; };
		A24B086B1D1EB728007B2935 /* Examination.txt */ = {isa = PBXFileReference; fileEncoding = 4; lastKnownFileType = text; path = Examination.txt; sourceTree = "<group>"; };
		A24B086C1D1EB728007B2935 /* Films.txt */ = {isa = PBXFileReference; fileEncoding = 4; lastKnownFileType = text; path = Films.txt; sourceTree = "<group>"; };
		A24B086D1D1EB728007B2935 /* Food.txt */ = {isa = PBXFileReference; fileEncoding = 4; lastKnownFileType = text; path = Food.txt; sourceTree = "<group>"; };
		A24B086E1D1EB728007B2935 /* Greetings.txt */ = {isa = PBXFileReference; fileEncoding = 4; lastKnownFileType = text; path = Greetings.txt; sourceTree = "<group>"; };
		A24B086F1D1EB728007B2935 /* infodata.txt */ = {isa = PBXFileReference; fileEncoding = 4; lastKnownFileType = text; path = infodata.txt; sourceTree = "<group>"; };
		A24B08701D1EB728007B2935 /* Introduction.txt */ = {isa = PBXFileReference; fileEncoding = 4; lastKnownFileType = text; path = Introduction.txt; sourceTree = "<group>"; };
		A24B08711D1EB728007B2935 /* Journey.txt */ = {isa = PBXFileReference; fileEncoding = 4; lastKnownFileType = text; path = Journey.txt; sourceTree = "<group>"; };
		A24B08721D1EB728007B2935 /* MeetingFriends.txt */ = {isa = PBXFileReference; fileEncoding = 4; lastKnownFileType = text; path = MeetingFriends.txt; sourceTree = "<group>"; };
		A24B08731D1EB728007B2935 /* OnArrival.txt */ = {isa = PBXFileReference; fileEncoding = 4; lastKnownFileType = text; path = OnArrival.txt; sourceTree = "<group>"; };
		A24B08741D1EB728007B2935 /* Students.txt */ = {isa = PBXFileReference; fileEncoding = 4; lastKnownFileType = text; path = Students.txt; sourceTree = "<group>"; };
		A24B08751D1EB728007B2935 /* subhashitani.txt */ = {isa = PBXFileReference; fileEncoding = 4; lastKnownFileType = text; path = subhashitani.txt; sourceTree = "<group>"; };
		A24B08761D1EB728007B2935 /* Teachers.txt */ = {isa = PBXFileReference; fileEncoding = 4; lastKnownFileType = text; path = Teachers.txt; sourceTree = "<group>"; };
		A24B08771D1EB728007B2935 /* Telephone.txt */ = {isa = PBXFileReference; fileEncoding = 4; lastKnownFileType = text; path = Telephone.txt; sourceTree = "<group>"; };
		A24B08781D1EB728007B2935 /* Time.txt */ = {isa = PBXFileReference; fileEncoding = 4; lastKnownFileType = text; path = Time.txt; sourceTree = "<group>"; };
		A24B08791D1EB728007B2935 /* Train.txt */ = {isa = PBXFileReference; fileEncoding = 4; lastKnownFileType = text; path = Train.txt; sourceTree = "<group>"; };
		A24B087A1D1EB728007B2935 /* Weather.txt */ = {isa = PBXFileReference; fileEncoding = 4; lastKnownFileType = text; path = Weather.txt; sourceTree = "<group>"; };
		A24B087B1D1EB728007B2935 /* Women.txt */ = {isa = PBXFileReference; fileEncoding = 4; lastKnownFileType = text; path = Women.txt; sourceTree = "<group>"; };
		A24B08931D1EB733007B2935 /* subhashitani.txt */ = {isa = PBXFileReference; fileEncoding = 4; lastKnownFileType = text; path = subhashitani.txt; sourceTree = "<group>"; };
		A24B08951D1EB73B007B2935 /* LetterA.txt */ = {isa = PBXFileReference; fileEncoding = 4; lastKnownFileType = text; path = LetterA.txt; sourceTree = "<group>"; };
		A24B08961D1EB73B007B2935 /* LetterB.txt */ = {isa = PBXFileReference; fileEncoding = 4; lastKnownFileType = text; path = LetterB.txt; sourceTree = "<group>"; };
		A24B08971D1EB73B007B2935 /* LetterC.txt */ = {isa = PBXFileReference; fileEncoding = 4; lastKnownFileType = text; path = LetterC.txt; sourceTree = "<group>"; };
		A24B08981D1EB73B007B2935 /* LetterD.txt */ = {isa = PBXFileReference; fileEncoding = 4; lastKnownFileType = text; path = LetterD.txt; sourceTree = "<group>"; };
		A24B08991D1EB73B007B2935 /* LetterE.txt */ = {isa = PBXFileReference; fileEncoding = 4; lastKnownFileType = text; path = LetterE.txt; sourceTree = "<group>"; };
		A24B089A1D1EB73B007B2935 /* LetterF.txt */ = {isa = PBXFileReference; fileEncoding = 4; lastKnownFileType = text; path = LetterF.txt; sourceTree = "<group>"; };
		A24B089B1D1EB73B007B2935 /* LetterG.txt */ = {isa = PBXFileReference; fileEncoding = 4; lastKnownFileType = text; path = LetterG.txt; sourceTree = "<group>"; };
		A24B089C1D1EB73B007B2935 /* LetterH.txt */ = {isa = PBXFileReference; fileEncoding = 4; lastKnownFileType = text; path = LetterH.txt; sourceTree = "<group>"; };
		A24B089D1D1EB73B007B2935 /* LetterI.txt */ = {isa = PBXFileReference; fileEncoding = 4; lastKnownFileType = text; path = LetterI.txt; sourceTree = "<group>"; };
		A24B089E1D1EB73B007B2935 /* LetterJ.txt */ = {isa = PBXFileReference; fileEncoding = 4; lastKnownFileType = text; path = LetterJ.txt; sourceTree = "<group>"; };
		A24B089F1D1EB73B007B2935 /* LetterK.txt */ = {isa = PBXFileReference; fileEncoding = 4; lastKnownFileType = text; path = LetterK.txt; sourceTree = "<group>"; };
		A24B08A01D1EB73B007B2935 /* LetterL.txt */ = {isa = PBXFileReference; fileEncoding = 4; lastKnownFileType = text; path = LetterL.txt; sourceTree = "<group>"; };
		A24B08A11D1EB73B007B2935 /* LetterM.txt */ = {isa = PBXFileReference; fileEncoding = 4; lastKnownFileType = text; path = LetterM.txt; sourceTree = "<group>"; };
		A24B08A21D1EB73B007B2935 /* LetterN.txt */ = {isa = PBXFileReference; fileEncoding = 4; lastKnownFileType = text; path = LetterN.txt; sourceTree = "<group>"; };
		A24B08A31D1EB73B007B2935 /* LetterO.txt */ = {isa = PBXFileReference; fileEncoding = 4; lastKnownFileType = text; path = LetterO.txt; sourceTree = "<group>"; };
		A24B08A41D1EB73B007B2935 /* LetterP.txt */ = {isa = PBXFileReference; fileEncoding = 4; lastKnownFileType = text; path = LetterP.txt; sourceTree = "<group>"; };
		A24B08A51D1EB73B007B2935 /* LetterQ.txt */ = {isa = PBXFileReference; fileEncoding = 4; lastKnownFileType = text; path = LetterQ.txt; sourceTree = "<group>"; };
		A24B08A61D1EB73B007B2935 /* LetterR.txt */ = {isa = PBXFileReference; fileEncoding = 4; lastKnownFileType = text; path = LetterR.txt; sourceTree = "<group>"; };
		A24B08A71D1EB73B007B2935 /* LetterS.txt */ = {isa = PBXFileReference; fileEncoding = 4; lastKnownFileType = text; path = LetterS.txt; sourceTree = "<group>"; };
		A24B08A81D1EB73B007B2935 /* LetterT.txt */ = {isa = PBXFileReference; fileEncoding = 4; lastKnownFileType = text; path = LetterT.txt; sourceTree = "<group>"; };
		A24B08A91D1EB73B007B2935 /* LetterU.txt */ = {isa = PBXFileReference; fileEncoding = 4; lastKnownFileType = text; path = LetterU.txt; sourceTree = "<group>"; };
		A24B08AA1D1EB73B007B2935 /* LetterV.txt */ = {isa = PBXFileReference; fileEncoding = 4; lastKnownFileType = text; path = LetterV.txt; sourceTree = "<group>"; };
		A24B08AB1D1EB73B007B2935 /* LetterW.txt */ = {isa = PBXFileReference; fileEncoding = 4; lastKnownFileType = text; path = LetterW.txt; sourceTree = "<group>"; };
		A24B08AC1D1EB73B007B2935 /* LetterX.txt */ = {isa = PBXFileReference; fileEncoding = 4; lastKnownFileType = text; path = LetterX.txt; sourceTree = "<group>"; };
		A24B08AD1D1EB73B007B2935 /* LetterY.txt */ = {isa = PBXFileReference; fileEncoding = 4; lastKnownFileType = text; path = LetterY.txt; sourceTree = "<group>"; };
		A24B08AE1D1EB73B007B2935 /* LetterZ.txt */ = {isa = PBXFileReference; fileEncoding = 4; lastKnownFileType = text; path = LetterZ.txt; sourceTree = "<group>"; };
		A24B08C91D1EB756007B2935 /* Topic.swift */ = {isa = PBXFileReference; fileEncoding = 4; lastKnownFileType = sourcecode.swift; path = Topic.swift; sourceTree = "<group>"; };
		A24B08CA1D1EB756007B2935 /* TopicDetail.swift */ = {isa = PBXFileReference; fileEncoding = 4; lastKnownFileType = sourcecode.swift; path = TopicDetail.swift; sourceTree = "<group>"; };
		A24B08CB1D1EB756007B2935 /* Word.swift */ = {isa = PBXFileReference; fileEncoding = 4; lastKnownFileType = sourcecode.swift; path = Word.swift; sourceTree = "<group>"; };
		A24B08D71D1EB7AF007B2935 /* TopicController.swift */ = {isa = PBXFileReference; fileEncoding = 4; lastKnownFileType = sourcecode.swift; path = TopicController.swift; sourceTree = "<group>"; };
		A24B08D81D1EB7AF007B2935 /* TopicController.xib */ = {isa = PBXFileReference; fileEncoding = 4; lastKnownFileType = file.xib; path = TopicController.xib; sourceTree = "<group>"; };
		A24B08D91D1EB7AF007B2935 /* TopicDetailsController.swift */ = {isa = PBXFileReference; fileEncoding = 4; lastKnownFileType = sourcecode.swift; path = TopicDetailsController.swift; sourceTree = "<group>"; };
		A24B08DA1D1EB7AF007B2935 /* TopicDetailsController.xib */ = {isa = PBXFileReference; fileEncoding = 4; lastKnownFileType = file.xib; path = TopicDetailsController.xib; sourceTree = "<group>"; };
		A24B08DF1D1EB7B8007B2935 /* InfoController.swift */ = {isa = PBXFileReference; fileEncoding = 4; lastKnownFileType = sourcecode.swift; path = InfoController.swift; sourceTree = "<group>"; };
		A24B08E01D1EB7B8007B2935 /* InfoController.xib */ = {isa = PBXFileReference; fileEncoding = 4; lastKnownFileType = file.xib; path = InfoController.xib; sourceTree = "<group>"; };
		A24B08E31D1EB7C2007B2935 /* SubhashitaController.swift */ = {isa = PBXFileReference; fileEncoding = 4; lastKnownFileType = sourcecode.swift; path = SubhashitaController.swift; sourceTree = "<group>"; };
		A24B08E41D1EB7C2007B2935 /* SubhashitaController.xib */ = {isa = PBXFileReference; fileEncoding = 4; lastKnownFileType = file.xib; path = SubhashitaController.xib; sourceTree = "<group>"; };
		AB9CF2D42777B2FC47809A01 /* Pods-Geervani.release.xcconfig */ = {isa = PBXFileReference; includeInIndex = 1; lastKnownFileType = text.xcconfig; name = "Pods-Geervani.release.xcconfig"; path = "Pods/Target Support Files/Pods-Geervani/Pods-Geervani.release.xcconfig"; sourceTree = "<group>"; };
		ADB5A421BBCC9B43BE2ED9E7 /* Pods_GeervaniUITests.framework */ = {isa = PBXFileReference; explicitFileType = wrapper.framework; includeInIndex = 0; path = Pods_GeervaniUITests.framework; sourceTree = BUILT_PRODUCTS_DIR; };
		E8228B211DFDBC36005278E4 /* info.html */ = {isa = PBXFileReference; fileEncoding = 4; lastKnownFileType = text.html; path = info.html; sourceTree = "<group>"; };
		E84EA0811D292EA200CEA8F6 /* DictionaryTableCell.swift */ = {isa = PBXFileReference; fileEncoding = 4; lastKnownFileType = sourcecode.swift; path = DictionaryTableCell.swift; sourceTree = "<group>"; };
		E84EA0821D292EA200CEA8F6 /* DictionaryTableCell.xib */ = {isa = PBXFileReference; fileEncoding = 4; lastKnownFileType = file.xib; path = DictionaryTableCell.xib; sourceTree = "<group>"; };
		E8B46D531FC893130018E38F /* GoogleMobileAds.framework */ = {isa = PBXFileReference; lastKnownFileType = wrapper.framework; name = GoogleMobileAds.framework; path = "Geervani/GoogleMobileAdsSdkiOS-7.26.0/GoogleMobileAds.framework"; sourceTree = "<group>"; };
		E8B46D551FC8935D0018E38F /* EventKit.framework */ = {isa = PBXFileReference; lastKnownFileType = wrapper.framework; name = EventKit.framework; path = System/Library/Frameworks/EventKit.framework; sourceTree = SDKROOT; };
		E8B46D561FC8935D0018E38F /* EventKitUI.framework */ = {isa = PBXFileReference; lastKnownFileType = wrapper.framework; name = EventKitUI.framework; path = System/Library/Frameworks/EventKitUI.framework; sourceTree = SDKROOT; };
		E8B46D591FC893660018E38F /* AVFoundation.framework */ = {isa = PBXFileReference; lastKnownFileType = wrapper.framework; name = AVFoundation.framework; path = System/Library/Frameworks/AVFoundation.framework; sourceTree = SDKROOT; };
		E8B46D5B1FC893730018E38F /* AdSupport.framework */ = {isa = PBXFileReference; lastKnownFileType = wrapper.framework; name = AdSupport.framework; path = System/Library/Frameworks/AdSupport.framework; sourceTree = SDKROOT; };
		E8B46D5D1FC8937E0018E38F /* AudioToolbox.framework */ = {isa = PBXFileReference; lastKnownFileType = wrapper.framework; name = AudioToolbox.framework; path = System/Library/Frameworks/AudioToolbox.framework; sourceTree = SDKROOT; };
		E8B46D5F1FC893880018E38F /* CoreGraphics.framework */ = {isa = PBXFileReference; lastKnownFileType = wrapper.framework; name = CoreGraphics.framework; path = System/Library/Frameworks/CoreGraphics.framework; sourceTree = SDKROOT; };
		E8B46D611FC893900018E38F /* CoreTelephony.framework */ = {isa = PBXFileReference; lastKnownFileType = wrapper.framework; name = CoreTelephony.framework; path = System/Library/Frameworks/CoreTelephony.framework; sourceTree = SDKROOT; };
		E8B46D631FC893970018E38F /* CoreMedia.framework */ = {isa = PBXFileReference; lastKnownFileType = wrapper.framework; name = CoreMedia.framework; path = System/Library/Frameworks/CoreMedia.framework; sourceTree = SDKROOT; };
		E8B46D651FC8939E0018E38F /* MessageUI.framework */ = {isa = PBXFileReference; lastKnownFileType = wrapper.framework; name = MessageUI.framework; path = System/Library/Frameworks/MessageUI.framework; sourceTree = SDKROOT; };
		E8B46D671FC893A80018E38F /* StoreKit.framework */ = {isa = PBXFileReference; lastKnownFileType = wrapper.framework; name = StoreKit.framework; path = System/Library/Frameworks/StoreKit.framework; sourceTree = SDKROOT; };
		E8B46D691FC893AF0018E38F /* SystemConfiguration.framework */ = {isa = PBXFileReference; lastKnownFileType = wrapper.framework; name = SystemConfiguration.framework; path = System/Library/Frameworks/SystemConfiguration.framework; sourceTree = SDKROOT; };
		E8BA5C9F1FC0401200980F6E /* GameKit.framework */ = {isa = PBXFileReference; lastKnownFileType = wrapper.framework; name = GameKit.framework; path = System/Library/Frameworks/GameKit.framework; sourceTree = SDKROOT; };
		E8C63C6B1DFC715200ED866F /* SubhashitaDeserializer.swift */ = {isa = PBXFileReference; fileEncoding = 4; lastKnownFileType = sourcecode.swift; path = SubhashitaDeserializer.swift; sourceTree = "<group>"; };
		E8C63C6D1DFC7F3D00ED866F /* 20161210235059324_CreateSubhashitaTable.sql */ = {isa = PBXFileReference; fileEncoding = 4; lastKnownFileType = text; path = 20161210235059324_CreateSubhashitaTable.sql; sourceTree = "<group>"; };
		E8D485A51D214E830020C8F0 /* 20160627173438948_Words.sql */ = {isa = PBXFileReference; fileEncoding = 4; lastKnownFileType = text; path = 20160627173438948_Words.sql; sourceTree = "<group>"; };
		E8D485A71D2151A50020C8F0 /* WordStorage.swift */ = {isa = PBXFileReference; fileEncoding = 4; lastKnownFileType = sourcecode.swift; path = WordStorage.swift; sourceTree = "<group>"; };
		E8D485A91D21586A0020C8F0 /* WordRepository.swift */ = {isa = PBXFileReference; fileEncoding = 4; lastKnownFileType = sourcecode.swift; path = WordRepository.swift; sourceTree = "<group>"; };
		E8D485AB1D215A820020C8F0 /* WordDeserializer.swift */ = {isa = PBXFileReference; fileEncoding = 4; lastKnownFileType = sourcecode.swift; path = WordDeserializer.swift; sourceTree = "<group>"; };
		E8D485B51D2194A70020C8F0 /* DictionaryController.swift */ = {isa = PBXFileReference; fileEncoding = 4; lastKnownFileType = sourcecode.swift; path = DictionaryController.swift; sourceTree = "<group>"; };
		E8D485B61D2194A70020C8F0 /* DictionaryController.xib */ = {isa = PBXFileReference; fileEncoding = 4; lastKnownFileType = file.xib; path = DictionaryController.xib; sourceTree = "<group>"; };
		E8E0589B1DFB1717002DA0D5 /* SubhashitaStorage.swift */ = {isa = PBXFileReference; fileEncoding = 4; lastKnownFileType = sourcecode.swift; path = SubhashitaStorage.swift; sourceTree = "<group>"; };
		E8E0589D1DFB19E3002DA0D5 /* Subhashia.swift */ = {isa = PBXFileReference; fileEncoding = 4; lastKnownFileType = sourcecode.swift; path = Subhashia.swift; sourceTree = "<group>"; };
		E8E0589F1DFB1D67002DA0D5 /* SubhashitaRepository.swift */ = {isa = PBXFileReference; fileEncoding = 4; lastKnownFileType = sourcecode.swift; path = SubhashitaRepository.swift; sourceTree = "<group>"; };
		FB72EDA5F92C6C4E5BA10135 /* Pods-GeervaniTests.debug.xcconfig */ = {isa = PBXFileReference; includeInIndex = 1; lastKnownFileType = text.xcconfig; name = "Pods-GeervaniTests.debug.xcconfig"; path = "Pods/Target Support Files/Pods-GeervaniTests/Pods-GeervaniTests.debug.xcconfig"; sourceTree = "<group>"; };
		FE6109C9B1ADAF596E3CF2CD /* Pods-GeervaniUITests.debug.xcconfig */ = {isa = PBXFileReference; includeInIndex = 1; lastKnownFileType = text.xcconfig; name = "Pods-GeervaniUITests.debug.xcconfig"; path = "Pods/Target Support Files/Pods-GeervaniUITests/Pods-GeervaniUITests.debug.xcconfig"; sourceTree = "<group>"; };
/* End PBXFileReference section */

/* Begin PBXFrameworksBuildPhase section */
		A24B07FE1D1EB455007B2935 /* Frameworks */ = {
			isa = PBXFrameworksBuildPhase;
			buildActionMask = 2147483647;
			files = (
				E8B46D6A1FC893AF0018E38F /* SystemConfiguration.framework in Frameworks */,
				E8B46D681FC893A80018E38F /* StoreKit.framework in Frameworks */,
				E8B46D661FC8939E0018E38F /* MessageUI.framework in Frameworks */,
				E8B46D641FC893970018E38F /* CoreMedia.framework in Frameworks */,
				E8B46D621FC893900018E38F /* CoreTelephony.framework in Frameworks */,
				E8B46D601FC893880018E38F /* CoreGraphics.framework in Frameworks */,
				E8B46D5E1FC8937E0018E38F /* AudioToolbox.framework in Frameworks */,
				E8B46D5C1FC893730018E38F /* AdSupport.framework in Frameworks */,
				E8B46D5A1FC893660018E38F /* AVFoundation.framework in Frameworks */,
				E8B46D571FC8935D0018E38F /* EventKit.framework in Frameworks */,
				E8B46D581FC8935D0018E38F /* EventKitUI.framework in Frameworks */,
				52558AB9BD37E85081A5B900 /* Pods_Geervani.framework in Frameworks */,
				E8BA5CA01FC0401200980F6E /* GameKit.framework in Frameworks */,
				E8B46D541FC893130018E38F /* GoogleMobileAds.framework in Frameworks */,
			);
			runOnlyForDeploymentPostprocessing = 0;
		};
		A24B08121D1EB455007B2935 /* Frameworks */ = {
			isa = PBXFrameworksBuildPhase;
			buildActionMask = 2147483647;
			files = (
				E842CB92CF5F65FCD6B6F9FC /* Pods_GeervaniTests.framework in Frameworks */,
			);
			runOnlyForDeploymentPostprocessing = 0;
		};
		A24B081D1D1EB455007B2935 /* Frameworks */ = {
			isa = PBXFrameworksBuildPhase;
			buildActionMask = 2147483647;
			files = (
				57939446F127117A6FA61654 /* Pods_GeervaniUITests.framework in Frameworks */,
			);
			runOnlyForDeploymentPostprocessing = 0;
		};
/* End PBXFrameworksBuildPhase section */

/* Begin PBXGroup section */
		0DF0A23C74FAB0C45572E57F /* Frameworks */ = {
			isa = PBXGroup;
			children = (
				E8B46D691FC893AF0018E38F /* SystemConfiguration.framework */,
				E8B46D671FC893A80018E38F /* StoreKit.framework */,
				E8B46D651FC8939E0018E38F /* MessageUI.framework */,
				E8B46D631FC893970018E38F /* CoreMedia.framework */,
				E8B46D611FC893900018E38F /* CoreTelephony.framework */,
				E8B46D5F1FC893880018E38F /* CoreGraphics.framework */,
				E8B46D5D1FC8937E0018E38F /* AudioToolbox.framework */,
				E8B46D5B1FC893730018E38F /* AdSupport.framework */,
				E8B46D591FC893660018E38F /* AVFoundation.framework */,
				E8B46D551FC8935D0018E38F /* EventKit.framework */,
				E8B46D561FC8935D0018E38F /* EventKitUI.framework */,
				E8B46D531FC893130018E38F /* GoogleMobileAds.framework */,
				E8BA5C9F1FC0401200980F6E /* GameKit.framework */,
				80BC94E7C4CEAA30E1F56F3C /* Pods_Geervani.framework */,
				95FF5923B618CCBA439AE8A3 /* Pods_GeervaniTests.framework */,
				ADB5A421BBCC9B43BE2ED9E7 /* Pods_GeervaniUITests.framework */,
			);
			name = Frameworks;
			sourceTree = "<group>";
		};
		A17EA3C3411A216121E1A4A2 /* Pods */ = {
			isa = PBXGroup;
			children = (
				82807482CB38519757106459 /* Pods-Geervani.debug.xcconfig */,
				AB9CF2D42777B2FC47809A01 /* Pods-Geervani.release.xcconfig */,
				FB72EDA5F92C6C4E5BA10135 /* Pods-GeervaniTests.debug.xcconfig */,
				4591D99F954B6F8CD835BB2E /* Pods-GeervaniTests.release.xcconfig */,
				FE6109C9B1ADAF596E3CF2CD /* Pods-GeervaniUITests.debug.xcconfig */,
				78C6A04EBF92EC420BB49315 /* Pods-GeervaniUITests.release.xcconfig */,
			);
			name = Pods;
			sourceTree = "<group>";
		};
		A24B07F81D1EB455007B2935 = {
			isa = PBXGroup;
			children = (
				A24B08031D1EB455007B2935 /* Geervani */,
				A24B08181D1EB455007B2935 /* GeervaniTests */,
				A24B08231D1EB455007B2935 /* GeervaniUITests */,
				A24B08021D1EB455007B2935 /* Products */,
				A17EA3C3411A216121E1A4A2 /* Pods */,
				0DF0A23C74FAB0C45572E57F /* Frameworks */,
			);
			sourceTree = "<group>";
		};
		A24B08021D1EB455007B2935 /* Products */ = {
			isa = PBXGroup;
			children = (
				A24B08011D1EB455007B2935 /* Geervani.app */,
				A24B08151D1EB455007B2935 /* GeervaniTests.xctest */,
				A24B08201D1EB455007B2935 /* GeervaniUITests.xctest */,
			);
			name = Products;
			sourceTree = "<group>";
		};
		A24B08031D1EB455007B2935 /* Geervani */ = {
			isa = PBXGroup;
			children = (
				1D211EBE1EB049780085A861 /* Geervani-Bridging-Header.h */,
				A24B08041D1EB455007B2935 /* AppDelegate.swift */,
				A24B08351D1EB53B007B2935 /* Controllers */,
				A24B083B1D1EB576007B2935 /* DAO */,
				A24B083A1D1EB574007B2935 /* Data files */,
				A24B08391D1EB571007B2935 /* Deserializers */,
				A24B08371D1EB56B007B2935 /* Helpers */,
				A24B08361D1EB568007B2935 /* Images */,
				A24B08381D1EB56E007B2935 /* Networking */,
				A24B083D1D1EB5CD007B2935 /* Persistance */,
				A24B083F1D1EB607007B2935 /* Repository */,
				A24B083C1D1EB5CA007B2935 /* SQLiteMigrations */,
				A24B083E1D1EB5D2007B2935 /* Storage */,
				A24B08341D1EB513007B2935 /* xtras */,
			);
			path = Geervani;
			sourceTree = "<group>";
		};
		A24B08181D1EB455007B2935 /* GeervaniTests */ = {
			isa = PBXGroup;
			children = (
				A24B08191D1EB455007B2935 /* GeervaniTests.swift */,
				A24B081B1D1EB455007B2935 /* Info.plist */,
			);
			path = GeervaniTests;
			sourceTree = "<group>";
		};
		A24B08231D1EB455007B2935 /* GeervaniUITests */ = {
			isa = PBXGroup;
			children = (
				A24B08241D1EB455007B2935 /* GeervaniUITests.swift */,
				A24B08261D1EB455007B2935 /* Info.plist */,
			);
			path = GeervaniUITests;
			sourceTree = "<group>";
		};
		A24B08341D1EB513007B2935 /* xtras */ = {
			isa = PBXGroup;
			children = (
				A24B080B1D1EB455007B2935 /* Assets.xcassets */,
				A24B08101D1EB455007B2935 /* Info.plist */,
				A24B080D1D1EB455007B2935 /* LaunchScreen.storyboard */,
				A24B08081D1EB455007B2935 /* Main.storyboard */,
			);
			name = xtras;
			sourceTree = "<group>";
		};
		A24B08351D1EB53B007B2935 /* Controllers */ = {
			isa = PBXGroup;
			children = (
				A24B08D21D1EB763007B2935 /* Topics */,
				A24B08D11D1EB75E007B2935 /* Dictionary */,
				A24B08D01D1EB75C007B2935 /* Info */,
				A24B08CF1D1EB759007B2935 /* Subhashita */,
			);
			path = Controllers;
			sourceTree = "<group>";
		};
		A24B08361D1EB568007B2935 /* Images */ = {
			isa = PBXGroup;
			children = (
				A24B08441D1EB663007B2935 /* home_img.jpg */,
				A24B08451D1EB663007B2935 /* ic_launcher.png */,
				A24B08461D1EB663007B2935 /* splash.png */,
			);
			path = Images;
			sourceTree = "<group>";
		};
		A24B08371D1EB56B007B2935 /* Helpers */ = {
			isa = PBXGroup;
			children = (
				A24B084A1D1EB66A007B2935 /* TabProvider.swift */,
			);
			path = Helpers;
			sourceTree = "<group>";
		};
		A24B08381D1EB56E007B2935 /* Networking */ = {
			isa = PBXGroup;
			children = (
				A24B084C1D1EB680007B2935 /* URLSessionClient.swift */,
			);
			path = Networking;
			sourceTree = "<group>";
		};
		A24B08391D1EB571007B2935 /* Deserializers */ = {
			isa = PBXGroup;
			children = (
				A24B08401D1EB646007B2935 /* TopicDeserializer.swift */,
				A24B08411D1EB646007B2935 /* TopicDetailsDeserializer.swift */,
				E8D485AB1D215A820020C8F0 /* WordDeserializer.swift */,
				E8C63C6B1DFC715200ED866F /* SubhashitaDeserializer.swift */,
			);
			path = Deserializers;
			sourceTree = "<group>";
		};
		A24B083A1D1EB574007B2935 /* Data files */ = {
			isa = PBXGroup;
			children = (
				A24B08641D1EB6E5007B2935 /* Topics */,
				A24B08631D1EB6E2007B2935 /* Subhashita */,
				A24B08621D1EB6DF007B2935 /* Dictionary */,
				E8228B211DFDBC36005278E4 /* info.html */,
			);
			path = "Data files";
			sourceTree = "<group>";
		};
		A24B083B1D1EB576007B2935 /* DAO */ = {
			isa = PBXGroup;
			children = (
				A24B08C91D1EB756007B2935 /* Topic.swift */,
				A24B08CA1D1EB756007B2935 /* TopicDetail.swift */,
				A24B08CB1D1EB756007B2935 /* Word.swift */,
				E8E0589D1DFB19E3002DA0D5 /* Subhashia.swift */,
			);
			path = DAO;
			sourceTree = "<group>";
		};
		A24B083C1D1EB5CA007B2935 /* SQLiteMigrations */ = {
			isa = PBXGroup;
			children = (
				E8C63C6D1DFC7F3D00ED866F /* 20161210235059324_CreateSubhashitaTable.sql */,
				E8D485A51D214E830020C8F0 /* 20160627173438948_Words.sql */,
				A24B08561D1EB6BA007B2935 /* 20160625125350827_Topics.sql */,
				A24B08571D1EB6BA007B2935 /* 20160625160305548_TopicDetails.sql */,
			);
			path = SQLiteMigrations;
			sourceTree = "<group>";
		};
		A24B083D1D1EB5CD007B2935 /* Persistance */ = {
			isa = PBXGroup;
			children = (
				A24B084E1D1EB6AB007B2935 /* TopicDetailsStorage.swift */,
				A24B084F1D1EB6AB007B2935 /* TopicStorage.swift */,
				E8D485A71D2151A50020C8F0 /* WordStorage.swift */,
				E8E0589B1DFB1717002DA0D5 /* SubhashitaStorage.swift */,
			);
			path = Persistance;
			sourceTree = "<group>";
		};
		A24B083E1D1EB5D2007B2935 /* Storage */ = {
			isa = PBXGroup;
			children = (
				A24B085A1D1EB6C2007B2935 /* InsertQuery.swift */,
				A24B085B1D1EB6C2007B2935 /* QueryStringBuilder.swift */,
				A24B085C1D1EB6C2007B2935 /* SQLiteDatabaseConnection.swift */,
				A24B085D1D1EB6C2007B2935 /* SQLiteTableStore.swift */,
			);
			path = Storage;
			sourceTree = "<group>";
		};
		A24B083F1D1EB607007B2935 /* Repository */ = {
			isa = PBXGroup;
			children = (
				A24B08521D1EB6B3007B2935 /* TopicDetailsRepository.swift */,
				A24B08531D1EB6B3007B2935 /* TopicsRepository.swift */,
				E8D485A91D21586A0020C8F0 /* WordRepository.swift */,
				E8E0589F1DFB1D67002DA0D5 /* SubhashitaRepository.swift */,
			);
			path = Repository;
			sourceTree = "<group>";
		};
		A24B08621D1EB6DF007B2935 /* Dictionary */ = {
			isa = PBXGroup;
			children = (
				A24B08951D1EB73B007B2935 /* LetterA.txt */,
				A24B08961D1EB73B007B2935 /* LetterB.txt */,
				A24B08971D1EB73B007B2935 /* LetterC.txt */,
				A24B08981D1EB73B007B2935 /* LetterD.txt */,
				A24B08991D1EB73B007B2935 /* LetterE.txt */,
				A24B089A1D1EB73B007B2935 /* LetterF.txt */,
				A24B089B1D1EB73B007B2935 /* LetterG.txt */,
				A24B089C1D1EB73B007B2935 /* LetterH.txt */,
				A24B089D1D1EB73B007B2935 /* LetterI.txt */,
				A24B089E1D1EB73B007B2935 /* LetterJ.txt */,
				A24B089F1D1EB73B007B2935 /* LetterK.txt */,
				A24B08A01D1EB73B007B2935 /* LetterL.txt */,
				A24B08A11D1EB73B007B2935 /* LetterM.txt */,
				A24B08A21D1EB73B007B2935 /* LetterN.txt */,
				A24B08A31D1EB73B007B2935 /* LetterO.txt */,
				A24B08A41D1EB73B007B2935 /* LetterP.txt */,
				A24B08A51D1EB73B007B2935 /* LetterQ.txt */,
				A24B08A61D1EB73B007B2935 /* LetterR.txt */,
				A24B08A71D1EB73B007B2935 /* LetterS.txt */,
				A24B08A81D1EB73B007B2935 /* LetterT.txt */,
				A24B08A91D1EB73B007B2935 /* LetterU.txt */,
				A24B08AA1D1EB73B007B2935 /* LetterV.txt */,
				A24B08AB1D1EB73B007B2935 /* LetterW.txt */,
				A24B08AC1D1EB73B007B2935 /* LetterX.txt */,
				A24B08AD1D1EB73B007B2935 /* LetterY.txt */,
				A24B08AE1D1EB73B007B2935 /* LetterZ.txt */,
			);
			path = Dictionary;
			sourceTree = "<group>";
		};
		A24B08631D1EB6E2007B2935 /* Subhashita */ = {
			isa = PBXGroup;
			children = (
				A24B08931D1EB733007B2935 /* subhashitani.txt */,
			);
			path = Subhashita;
			sourceTree = "<group>";
		};
		A24B08641D1EB6E5007B2935 /* Topics */ = {
			isa = PBXGroup;
			children = (
				A24B08651D1EB728007B2935 /* AllTopics.json */,
				A24B08661D1EB728007B2935 /* Commerce.txt */,
				A24B08671D1EB728007B2935 /* Domestic.txt */,
				A24B08681D1EB728007B2935 /* DressJewelry.txt */,
				A24B08691D1EB728007B2935 /* DressJwellery.txt */,
				A24B086A1D1EB728007B2935 /* Etiquettes.txt */,
				A24B086B1D1EB728007B2935 /* Examination.txt */,
				A24B086C1D1EB728007B2935 /* Films.txt */,
				A24B086D1D1EB728007B2935 /* Food.txt */,
				A24B086E1D1EB728007B2935 /* Greetings.txt */,
				A24B086F1D1EB728007B2935 /* infodata.txt */,
				A24B08701D1EB728007B2935 /* Introduction.txt */,
				A24B08711D1EB728007B2935 /* Journey.txt */,
				A24B08721D1EB728007B2935 /* MeetingFriends.txt */,
				A24B08731D1EB728007B2935 /* OnArrival.txt */,
				A24B08741D1EB728007B2935 /* Students.txt */,
				A24B08751D1EB728007B2935 /* subhashitani.txt */,
				A24B08761D1EB728007B2935 /* Teachers.txt */,
				A24B08771D1EB728007B2935 /* Telephone.txt */,
				A24B08781D1EB728007B2935 /* Time.txt */,
				A24B08791D1EB728007B2935 /* Train.txt */,
				A24B087A1D1EB728007B2935 /* Weather.txt */,
				A24B087B1D1EB728007B2935 /* Women.txt */,
			);
			path = Topics;
			sourceTree = "<group>";
		};
		A24B08CF1D1EB759007B2935 /* Subhashita */ = {
			isa = PBXGroup;
			children = (
				A24B08E31D1EB7C2007B2935 /* SubhashitaController.swift */,
				A24B08E41D1EB7C2007B2935 /* SubhashitaController.xib */,
			);
			path = Subhashita;
			sourceTree = "<group>";
		};
		A24B08D01D1EB75C007B2935 /* Info */ = {
			isa = PBXGroup;
			children = (
				A24B08DF1D1EB7B8007B2935 /* InfoController.swift */,
				A24B08E01D1EB7B8007B2935 /* InfoController.xib */,
			);
			path = Info;
			sourceTree = "<group>";
		};
		A24B08D11D1EB75E007B2935 /* Dictionary */ = {
			isa = PBXGroup;
			children = (
				E8D485B51D2194A70020C8F0 /* DictionaryController.swift */,
				E8D485B61D2194A70020C8F0 /* DictionaryController.xib */,
				E84EA0811D292EA200CEA8F6 /* DictionaryTableCell.swift */,
				E84EA0821D292EA200CEA8F6 /* DictionaryTableCell.xib */,
			);
			path = Dictionary;
			sourceTree = "<group>";
		};
		A24B08D21D1EB763007B2935 /* Topics */ = {
			isa = PBXGroup;
			children = (
				A24B08D71D1EB7AF007B2935 /* TopicController.swift */,
				A24B08D81D1EB7AF007B2935 /* TopicController.xib */,
				A24B08D91D1EB7AF007B2935 /* TopicDetailsController.swift */,
				A24B08DA1D1EB7AF007B2935 /* TopicDetailsController.xib */,
			);
			name = Topics;
			path = Topic;
			sourceTree = "<group>";
		};
/* End PBXGroup section */

/* Begin PBXNativeTarget section */
		A24B08001D1EB455007B2935 /* Geervani */ = {
			isa = PBXNativeTarget;
			buildConfigurationList = A24B08291D1EB455007B2935 /* Build configuration list for PBXNativeTarget "Geervani" */;
			buildPhases = (
				4F13087A5EC4656414D7B64F /* [CP] Check Pods Manifest.lock */,
				A24B07FD1D1EB455007B2935 /* Sources */,
				A24B07FE1D1EB455007B2935 /* Frameworks */,
				A24B07FF1D1EB455007B2935 /* Resources */,
				5A621E4AC30BD4A27C8C5FBF /* [CP] Embed Pods Frameworks */,
				52C34E727265673AEE99AB88 /* [CP] Copy Pods Resources */,
				E8221FF11F0ABFEA000F6E7A /* ShellScript */,
			);
			buildRules = (
			);
			dependencies = (
			);
			name = Geervani;
			productName = Geervani;
			productReference = A24B08011D1EB455007B2935 /* Geervani.app */;
			productType = "com.apple.product-type.application";
		};
		A24B08141D1EB455007B2935 /* GeervaniTests */ = {
			isa = PBXNativeTarget;
			buildConfigurationList = A24B082C1D1EB455007B2935 /* Build configuration list for PBXNativeTarget "GeervaniTests" */;
			buildPhases = (
				659B5334B525D40F04380A8A /* [CP] Check Pods Manifest.lock */,
				A24B08111D1EB455007B2935 /* Sources */,
				A24B08121D1EB455007B2935 /* Frameworks */,
				A24B08131D1EB455007B2935 /* Resources */,
				121B0311A5F4446B6D5C7023 /* [CP] Embed Pods Frameworks */,
				7280ABE9123512499CC39FA9 /* [CP] Copy Pods Resources */,
			);
			buildRules = (
			);
			dependencies = (
				A24B08171D1EB455007B2935 /* PBXTargetDependency */,
			);
			name = GeervaniTests;
			productName = GeervaniTests;
			productReference = A24B08151D1EB455007B2935 /* GeervaniTests.xctest */;
			productType = "com.apple.product-type.bundle.unit-test";
		};
		A24B081F1D1EB455007B2935 /* GeervaniUITests */ = {
			isa = PBXNativeTarget;
			buildConfigurationList = A24B082F1D1EB455007B2935 /* Build configuration list for PBXNativeTarget "GeervaniUITests" */;
			buildPhases = (
				ED6DB560D23A78589C87421B /* [CP] Check Pods Manifest.lock */,
				A24B081C1D1EB455007B2935 /* Sources */,
				A24B081D1D1EB455007B2935 /* Frameworks */,
				A24B081E1D1EB455007B2935 /* Resources */,
				2350393D93DE223835B7AC21 /* [CP] Copy Pods Resources */,
				4B5F4769D800F59C9DFFAE16 /* [CP] Embed Pods Frameworks */,
			);
			buildRules = (
			);
			dependencies = (
				A24B08221D1EB455007B2935 /* PBXTargetDependency */,
			);
			name = GeervaniUITests;
			productName = GeervaniUITests;
			productReference = A24B08201D1EB455007B2935 /* GeervaniUITests.xctest */;
			productType = "com.apple.product-type.bundle.ui-testing";
		};
/* End PBXNativeTarget section */

/* Begin PBXProject section */
		A24B07F91D1EB455007B2935 /* Project object */ = {
			isa = PBXProject;
			attributes = {
				LastSwiftUpdateCheck = 0730;
				LastUpgradeCheck = 0730;
				ORGANIZATIONNAME = Geervani;
				TargetAttributes = {
					A24B08001D1EB455007B2935 = {
						CreatedOnToolsVersion = 7.3.1;
						DevelopmentTeam = E8SAEH35L4;
						LastSwiftMigration = 0830;
						ProvisioningStyle = Automatic;
						SystemCapabilities = {
							com.apple.GameCenter = {
								enabled = 1;
							};
						};
					};
					A24B08141D1EB455007B2935 = {
						CreatedOnToolsVersion = 7.3.1;
						LastSwiftMigration = 0830;
						TestTargetID = A24B08001D1EB455007B2935;
					};
					A24B081F1D1EB455007B2935 = {
						CreatedOnToolsVersion = 7.3.1;
						LastSwiftMigration = 0830;
						TestTargetID = A24B08001D1EB455007B2935;
					};
				};
			};
			buildConfigurationList = A24B07FC1D1EB455007B2935 /* Build configuration list for PBXProject "Geervani" */;
			compatibilityVersion = "Xcode 3.2";
			developmentRegion = English;
			hasScannedForEncodings = 0;
			knownRegions = (
				en,
				Base,
			);
			mainGroup = A24B07F81D1EB455007B2935;
			productRefGroup = A24B08021D1EB455007B2935 /* Products */;
			projectDirPath = "";
			projectRoot = "";
			targets = (
				A24B08001D1EB455007B2935 /* Geervani */,
				A24B08141D1EB455007B2935 /* GeervaniTests */,
				A24B081F1D1EB455007B2935 /* GeervaniUITests */,
			);
		};
/* End PBXProject section */

/* Begin PBXResourcesBuildPhase section */
		A24B07FF1D1EB455007B2935 /* Resources */ = {
			isa = PBXResourcesBuildPhase;
			buildActionMask = 2147483647;
			files = (
				A24B08871D1EB728007B2935 /* Introduction.txt in Resources */,
				A24B08B61D1EB73B007B2935 /* LetterH.txt in Resources */,
				A24B08941D1EB733007B2935 /* subhashitani.txt in Resources */,
				E8D485B81D2194A70020C8F0 /* DictionaryController.xib in Resources */,
				A24B08B31D1EB73B007B2935 /* LetterE.txt in Resources */,
				A24B088E1D1EB728007B2935 /* Telephone.txt in Resources */,
				A24B08BA1D1EB73B007B2935 /* LetterL.txt in Resources */,
				A24B08471D1EB663007B2935 /* home_img.jpg in Resources */,
				A24B08C41D1EB73B007B2935 /* LetterV.txt in Resources */,
				A24B080F1D1EB455007B2935 /* LaunchScreen.storyboard in Resources */,
				A24B08831D1EB728007B2935 /* Films.txt in Resources */,
				A24B088F1D1EB728007B2935 /* Time.txt in Resources */,
				A24B088B1D1EB728007B2935 /* Students.txt in Resources */,
				A24B08911D1EB728007B2935 /* Weather.txt in Resources */,
				A24B08B51D1EB73B007B2935 /* LetterG.txt in Resources */,
				A24B08DE1D1EB7AF007B2935 /* TopicDetailsController.xib in Resources */,
				A24B08B01D1EB73B007B2935 /* LetterB.txt in Resources */,
				A24B088D1D1EB728007B2935 /* Teachers.txt in Resources */,
				A24B08C51D1EB73B007B2935 /* LetterW.txt in Resources */,
				A24B08B11D1EB73B007B2935 /* LetterC.txt in Resources */,
				A24B08BB1D1EB73B007B2935 /* LetterM.txt in Resources */,
				A24B08591D1EB6BA007B2935 /* 20160625160305548_TopicDetails.sql in Resources */,
				A24B08921D1EB728007B2935 /* Women.txt in Resources */,
				A24B08BC1D1EB73B007B2935 /* LetterN.txt in Resources */,
				A24B08B71D1EB73B007B2935 /* LetterI.txt in Resources */,
				A24B08C01D1EB73B007B2935 /* LetterR.txt in Resources */,
				A24B08811D1EB728007B2935 /* Etiquettes.txt in Resources */,
				A24B08C61D1EB73B007B2935 /* LetterX.txt in Resources */,
				A24B087D1D1EB728007B2935 /* Commerce.txt in Resources */,
				A24B08801D1EB728007B2935 /* DressJwellery.txt in Resources */,
				A24B08881D1EB728007B2935 /* Journey.txt in Resources */,
				A24B08BE1D1EB73B007B2935 /* LetterP.txt in Resources */,
				A24B08AF1D1EB73B007B2935 /* LetterA.txt in Resources */,
				E84EA0841D292EA200CEA8F6 /* DictionaryTableCell.xib in Resources */,
				A24B087C1D1EB728007B2935 /* AllTopics.json in Resources */,
				A24B08901D1EB728007B2935 /* Train.txt in Resources */,
				A24B08B81D1EB73B007B2935 /* LetterJ.txt in Resources */,
				A24B08B91D1EB73B007B2935 /* LetterK.txt in Resources */,
				A24B08841D1EB728007B2935 /* Food.txt in Resources */,
				A24B08851D1EB728007B2935 /* Greetings.txt in Resources */,
				A24B08C71D1EB73B007B2935 /* LetterY.txt in Resources */,
				A24B08891D1EB728007B2935 /* MeetingFriends.txt in Resources */,
				A24B08E61D1EB7C2007B2935 /* SubhashitaController.xib in Resources */,
				A24B08DC1D1EB7AF007B2935 /* TopicController.xib in Resources */,
				E8C63C6E1DFC7F3D00ED866F /* 20161210235059324_CreateSubhashitaTable.sql in Resources */,
				E8228B221DFDBC36005278E4 /* info.html in Resources */,
				A24B08BD1D1EB73B007B2935 /* LetterO.txt in Resources */,
				A24B088A1D1EB728007B2935 /* OnArrival.txt in Resources */,
				A24B08C31D1EB73B007B2935 /* LetterU.txt in Resources */,
				A24B08B21D1EB73B007B2935 /* LetterD.txt in Resources */,
				A24B08861D1EB728007B2935 /* infodata.txt in Resources */,
				A24B087F1D1EB728007B2935 /* DressJewelry.txt in Resources */,
				A24B08BF1D1EB73B007B2935 /* LetterQ.txt in Resources */,
				A24B080C1D1EB455007B2935 /* Assets.xcassets in Resources */,
				A24B08C81D1EB73B007B2935 /* LetterZ.txt in Resources */,
				A24B080A1D1EB455007B2935 /* Main.storyboard in Resources */,
				A24B08C11D1EB73B007B2935 /* LetterS.txt in Resources */,
				A24B08821D1EB728007B2935 /* Examination.txt in Resources */,
				A24B087E1D1EB728007B2935 /* Domestic.txt in Resources */,
				A24B08491D1EB663007B2935 /* splash.png in Resources */,
				A24B08481D1EB663007B2935 /* ic_launcher.png in Resources */,
				A24B08E21D1EB7B8007B2935 /* InfoController.xib in Resources */,
				A24B08581D1EB6BA007B2935 /* 20160625125350827_Topics.sql in Resources */,
				A24B08C21D1EB73B007B2935 /* LetterT.txt in Resources */,
				A24B088C1D1EB728007B2935 /* subhashitani.txt in Resources */,
				E8D485A61D214E830020C8F0 /* 20160627173438948_Words.sql in Resources */,
				A24B08B41D1EB73B007B2935 /* LetterF.txt in Resources */,
			);
			runOnlyForDeploymentPostprocessing = 0;
		};
		A24B08131D1EB455007B2935 /* Resources */ = {
			isa = PBXResourcesBuildPhase;
			buildActionMask = 2147483647;
			files = (
			);
			runOnlyForDeploymentPostprocessing = 0;
		};
		A24B081E1D1EB455007B2935 /* Resources */ = {
			isa = PBXResourcesBuildPhase;
			buildActionMask = 2147483647;
			files = (
			);
			runOnlyForDeploymentPostprocessing = 0;
		};
/* End PBXResourcesBuildPhase section */

/* Begin PBXShellScriptBuildPhase section */
		121B0311A5F4446B6D5C7023 /* [CP] Embed Pods Frameworks */ = {
			isa = PBXShellScriptBuildPhase;
			buildActionMask = 2147483647;
			files = (
			);
			inputPaths = (
			);
			name = "[CP] Embed Pods Frameworks";
			outputPaths = (
			);
			runOnlyForDeploymentPostprocessing = 0;
			shellPath = /bin/sh;
			shellScript = "\"${SRCROOT}/Pods/Target Support Files/Pods-GeervaniTests/Pods-GeervaniTests-frameworks.sh\"\n";
			showEnvVarsInLog = 0;
		};
		2350393D93DE223835B7AC21 /* [CP] Copy Pods Resources */ = {
			isa = PBXShellScriptBuildPhase;
			buildActionMask = 2147483647;
			files = (
			);
			inputPaths = (
			);
			name = "[CP] Copy Pods Resources";
			outputPaths = (
			);
			runOnlyForDeploymentPostprocessing = 0;
			shellPath = /bin/sh;
			shellScript = "\"${SRCROOT}/Pods/Target Support Files/Pods-GeervaniUITests/Pods-GeervaniUITests-resources.sh\"\n";
			showEnvVarsInLog = 0;
		};
		4B5F4769D800F59C9DFFAE16 /* [CP] Embed Pods Frameworks */ = {
			isa = PBXShellScriptBuildPhase;
			buildActionMask = 2147483647;
			files = (
			);
			inputPaths = (
			);
			name = "[CP] Embed Pods Frameworks";
			outputPaths = (
			);
			runOnlyForDeploymentPostprocessing = 0;
			shellPath = /bin/sh;
			shellScript = "\"${SRCROOT}/Pods/Target Support Files/Pods-GeervaniUITests/Pods-GeervaniUITests-frameworks.sh\"\n";
			showEnvVarsInLog = 0;
		};
		4F13087A5EC4656414D7B64F /* [CP] Check Pods Manifest.lock */ = {
			isa = PBXShellScriptBuildPhase;
			buildActionMask = 2147483647;
			files = (
			);
			inputPaths = (
			);
			name = "[CP] Check Pods Manifest.lock";
			outputPaths = (
			);
			runOnlyForDeploymentPostprocessing = 0;
			shellPath = /bin/sh;
			shellScript = "diff \"${PODS_PODFILE_DIR_PATH}/Podfile.lock\" \"${PODS_ROOT}/Manifest.lock\" > /dev/null\nif [ $? != 0 ] ; then\n    # print error to STDERR\n    echo \"error: The sandbox is not in sync with the Podfile.lock. Run 'pod install' or update your CocoaPods installation.\" >&2\n    exit 1\nfi\n";
			showEnvVarsInLog = 0;
		};
		52C34E727265673AEE99AB88 /* [CP] Copy Pods Resources */ = {
			isa = PBXShellScriptBuildPhase;
			buildActionMask = 2147483647;
			files = (
			);
			inputPaths = (
			);
			name = "[CP] Copy Pods Resources";
			outputPaths = (
			);
			runOnlyForDeploymentPostprocessing = 0;
			shellPath = /bin/sh;
			shellScript = "\"${SRCROOT}/Pods/Target Support Files/Pods-Geervani/Pods-Geervani-resources.sh\"\n";
			showEnvVarsInLog = 0;
		};
		5A621E4AC30BD4A27C8C5FBF /* [CP] Embed Pods Frameworks */ = {
			isa = PBXShellScriptBuildPhase;
			buildActionMask = 2147483647;
			files = (
			);
			inputPaths = (
			);
			name = "[CP] Embed Pods Frameworks";
			outputPaths = (
			);
			runOnlyForDeploymentPostprocessing = 0;
			shellPath = /bin/sh;
			shellScript = "\"${SRCROOT}/Pods/Target Support Files/Pods-Geervani/Pods-Geervani-frameworks.sh\"\n";
			showEnvVarsInLog = 0;
		};
		659B5334B525D40F04380A8A /* [CP] Check Pods Manifest.lock */ = {
			isa = PBXShellScriptBuildPhase;
			buildActionMask = 2147483647;
			files = (
			);
			inputPaths = (
			);
			name = "[CP] Check Pods Manifest.lock";
			outputPaths = (
			);
			runOnlyForDeploymentPostprocessing = 0;
			shellPath = /bin/sh;
			shellScript = "diff \"${PODS_PODFILE_DIR_PATH}/Podfile.lock\" \"${PODS_ROOT}/Manifest.lock\" > /dev/null\nif [ $? != 0 ] ; then\n    # print error to STDERR\n    echo \"error: The sandbox is not in sync with the Podfile.lock. Run 'pod install' or update your CocoaPods installation.\" >&2\n    exit 1\nfi\n";
			showEnvVarsInLog = 0;
		};
		7280ABE9123512499CC39FA9 /* [CP] Copy Pods Resources */ = {
			isa = PBXShellScriptBuildPhase;
			buildActionMask = 2147483647;
			files = (
			);
			inputPaths = (
			);
			name = "[CP] Copy Pods Resources";
			outputPaths = (
			);
			runOnlyForDeploymentPostprocessing = 0;
			shellPath = /bin/sh;
			shellScript = "\"${SRCROOT}/Pods/Target Support Files/Pods-GeervaniTests/Pods-GeervaniTests-resources.sh\"\n";
			showEnvVarsInLog = 0;
		};
		E8221FF11F0ABFEA000F6E7A /* ShellScript */ = {
			isa = PBXShellScriptBuildPhase;
			buildActionMask = 2147483647;
			files = (
			);
			inputPaths = (
			);
			outputPaths = (
			);
			runOnlyForDeploymentPostprocessing = 0;
			shellPath = /bin/sh;
			shellScript = "./Fabric.framework/run f7e4809f1bd630e79cbac823fe426bb20b742483 6f3a2ea4ce24a3b8485b278815ff772ebfbd05421bff8b593e14f5e96d8ad78c";
		};
		ED6DB560D23A78589C87421B /* [CP] Check Pods Manifest.lock */ = {
			isa = PBXShellScriptBuildPhase;
			buildActionMask = 2147483647;
			files = (
			);
			inputPaths = (
			);
			name = "[CP] Check Pods Manifest.lock";
			outputPaths = (
			);
			runOnlyForDeploymentPostprocessing = 0;
			shellPath = /bin/sh;
			shellScript = "diff \"${PODS_PODFILE_DIR_PATH}/Podfile.lock\" \"${PODS_ROOT}/Manifest.lock\" > /dev/null\nif [ $? != 0 ] ; then\n    # print error to STDERR\n    echo \"error: The sandbox is not in sync with the Podfile.lock. Run 'pod install' or update your CocoaPods installation.\" >&2\n    exit 1\nfi\n";
			showEnvVarsInLog = 0;
		};
/* End PBXShellScriptBuildPhase section */

/* Begin PBXSourcesBuildPhase section */
		A24B07FD1D1EB455007B2935 /* Sources */ = {
			isa = PBXSourcesBuildPhase;
			buildActionMask = 2147483647;
			files = (
				A24B08421D1EB646007B2935 /* TopicDeserializer.swift in Sources */,
				E8E058A01DFB1D67002DA0D5 /* SubhashitaRepository.swift in Sources */,
				A24B08CE1D1EB756007B2935 /* Word.swift in Sources */,
				A24B08DD1D1EB7AF007B2935 /* TopicDetailsController.swift in Sources */,
				A24B085E1D1EB6C2007B2935 /* InsertQuery.swift in Sources */,
				A24B08431D1EB646007B2935 /* TopicDetailsDeserializer.swift in Sources */,
				A24B08501D1EB6AB007B2935 /* TopicDetailsStorage.swift in Sources */,
				A24B084B1D1EB66A007B2935 /* TabProvider.swift in Sources */,
				A24B08611D1EB6C2007B2935 /* SQLiteTableStore.swift in Sources */,
				E8D485AC1D215A820020C8F0 /* WordDeserializer.swift in Sources */,
				E8E0589C1DFB1717002DA0D5 /* SubhashitaStorage.swift in Sources */,
				A24B08541D1EB6B3007B2935 /* TopicDetailsRepository.swift in Sources */,
				A24B08511D1EB6AB007B2935 /* TopicStorage.swift in Sources */,
				E8D485B71D2194A70020C8F0 /* DictionaryController.swift in Sources */,
				A24B08051D1EB455007B2935 /* AppDelegate.swift in Sources */,
				A24B08CD1D1EB756007B2935 /* TopicDetail.swift in Sources */,
				E8E0589E1DFB19E3002DA0D5 /* Subhashia.swift in Sources */,
				A24B08601D1EB6C2007B2935 /* SQLiteDatabaseConnection.swift in Sources */,
				A24B08551D1EB6B3007B2935 /* TopicsRepository.swift in Sources */,
				A24B08DB1D1EB7AF007B2935 /* TopicController.swift in Sources */,
				E84EA0831D292EA200CEA8F6 /* DictionaryTableCell.swift in Sources */,
				A24B085F1D1EB6C2007B2935 /* QueryStringBuilder.swift in Sources */,
				E8D485AA1D21586A0020C8F0 /* WordRepository.swift in Sources */,
				E8C63C6C1DFC715200ED866F /* SubhashitaDeserializer.swift in Sources */,
				A24B084D1D1EB680007B2935 /* URLSessionClient.swift in Sources */,
				A24B08CC1D1EB756007B2935 /* Topic.swift in Sources */,
				A24B08E51D1EB7C2007B2935 /* SubhashitaController.swift in Sources */,
				E8D485A81D2151A50020C8F0 /* WordStorage.swift in Sources */,
				A24B08E11D1EB7B8007B2935 /* InfoController.swift in Sources */,
			);
			runOnlyForDeploymentPostprocessing = 0;
		};
		A24B08111D1EB455007B2935 /* Sources */ = {
			isa = PBXSourcesBuildPhase;
			buildActionMask = 2147483647;
			files = (
				A24B081A1D1EB455007B2935 /* GeervaniTests.swift in Sources */,
			);
			runOnlyForDeploymentPostprocessing = 0;
		};
		A24B081C1D1EB455007B2935 /* Sources */ = {
			isa = PBXSourcesBuildPhase;
			buildActionMask = 2147483647;
			files = (
				A24B08251D1EB455007B2935 /* GeervaniUITests.swift in Sources */,
			);
			runOnlyForDeploymentPostprocessing = 0;
		};
/* End PBXSourcesBuildPhase section */

/* Begin PBXTargetDependency section */
		A24B08171D1EB455007B2935 /* PBXTargetDependency */ = {
			isa = PBXTargetDependency;
			target = A24B08001D1EB455007B2935 /* Geervani */;
			targetProxy = A24B08161D1EB455007B2935 /* PBXContainerItemProxy */;
		};
		A24B08221D1EB455007B2935 /* PBXTargetDependency */ = {
			isa = PBXTargetDependency;
			target = A24B08001D1EB455007B2935 /* Geervani */;
			targetProxy = A24B08211D1EB455007B2935 /* PBXContainerItemProxy */;
		};
/* End PBXTargetDependency section */

/* Begin PBXVariantGroup section */
		A24B08081D1EB455007B2935 /* Main.storyboard */ = {
			isa = PBXVariantGroup;
			children = (
				A24B08091D1EB455007B2935 /* Base */,
			);
			name = Main.storyboard;
			sourceTree = "<group>";
		};
		A24B080D1D1EB455007B2935 /* LaunchScreen.storyboard */ = {
			isa = PBXVariantGroup;
			children = (
				A24B080E1D1EB455007B2935 /* Base */,
			);
			name = LaunchScreen.storyboard;
			sourceTree = "<group>";
		};
/* End PBXVariantGroup section */

/* Begin XCBuildConfiguration section */
		A24B08271D1EB455007B2935 /* Debug */ = {
			isa = XCBuildConfiguration;
			buildSettings = {
				ALWAYS_SEARCH_USER_PATHS = NO;
				CLANG_ANALYZER_NONNULL = YES;
				CLANG_CXX_LANGUAGE_STANDARD = "gnu++0x";
				CLANG_CXX_LIBRARY = "libc++";
				CLANG_ENABLE_MODULES = YES;
				CLANG_ENABLE_OBJC_ARC = YES;
				CLANG_WARN_BOOL_CONVERSION = YES;
				CLANG_WARN_CONSTANT_CONVERSION = YES;
				CLANG_WARN_DIRECT_OBJC_ISA_USAGE = YES_ERROR;
				CLANG_WARN_EMPTY_BODY = YES;
				CLANG_WARN_ENUM_CONVERSION = YES;
				CLANG_WARN_INT_CONVERSION = YES;
				CLANG_WARN_OBJC_ROOT_CLASS = YES_ERROR;
				CLANG_WARN_UNREACHABLE_CODE = YES;
				CLANG_WARN__DUPLICATE_METHOD_MATCH = YES;
				CODE_SIGN_IDENTITY = "iPhone Developer";
				"CODE_SIGN_IDENTITY[sdk=iphoneos*]" = "iPhone Developer";
				COPY_PHASE_STRIP = NO;
				DEBUG_INFORMATION_FORMAT = dwarf;
				ENABLE_STRICT_OBJC_MSGSEND = YES;
				ENABLE_TESTABILITY = YES;
				GCC_C_LANGUAGE_STANDARD = gnu99;
				GCC_DYNAMIC_NO_PIC = NO;
				GCC_NO_COMMON_BLOCKS = YES;
				GCC_OPTIMIZATION_LEVEL = 0;
				GCC_PREPROCESSOR_DEFINITIONS = (
					"DEBUG=1",
					"$(inherited)",
				);
				GCC_WARN_64_TO_32_BIT_CONVERSION = YES;
				GCC_WARN_ABOUT_RETURN_TYPE = YES_ERROR;
				GCC_WARN_UNDECLARED_SELECTOR = YES;
				GCC_WARN_UNINITIALIZED_AUTOS = YES_AGGRESSIVE;
				GCC_WARN_UNUSED_FUNCTION = YES;
				GCC_WARN_UNUSED_VARIABLE = YES;
				IPHONEOS_DEPLOYMENT_TARGET = 9.3;
				MTL_ENABLE_DEBUG_INFO = YES;
				ONLY_ACTIVE_ARCH = YES;
				SDKROOT = iphoneos;
				SUPPORTED_PLATFORMS = "iphonesimulator iphoneos";
				SWIFT_OPTIMIZATION_LEVEL = "-Onone";
			};
			name = Debug;
		};
		A24B08281D1EB455007B2935 /* Release */ = {
			isa = XCBuildConfiguration;
			buildSettings = {
				ALWAYS_SEARCH_USER_PATHS = NO;
				CLANG_ANALYZER_NONNULL = YES;
				CLANG_CXX_LANGUAGE_STANDARD = "gnu++0x";
				CLANG_CXX_LIBRARY = "libc++";
				CLANG_ENABLE_MODULES = YES;
				CLANG_ENABLE_OBJC_ARC = YES;
				CLANG_WARN_BOOL_CONVERSION = YES;
				CLANG_WARN_CONSTANT_CONVERSION = YES;
				CLANG_WARN_DIRECT_OBJC_ISA_USAGE = YES_ERROR;
				CLANG_WARN_EMPTY_BODY = YES;
				CLANG_WARN_ENUM_CONVERSION = YES;
				CLANG_WARN_INT_CONVERSION = YES;
				CLANG_WARN_OBJC_ROOT_CLASS = YES_ERROR;
				CLANG_WARN_UNREACHABLE_CODE = YES;
				CLANG_WARN__DUPLICATE_METHOD_MATCH = YES;
				CODE_SIGN_IDENTITY = "iPhone Developer";
				"CODE_SIGN_IDENTITY[sdk=iphoneos*]" = "iPhone Developer";
				COPY_PHASE_STRIP = NO;
				DEBUG_INFORMATION_FORMAT = "dwarf-with-dsym";
				ENABLE_NS_ASSERTIONS = NO;
				ENABLE_STRICT_OBJC_MSGSEND = YES;
				GCC_C_LANGUAGE_STANDARD = gnu99;
				GCC_NO_COMMON_BLOCKS = YES;
				GCC_WARN_64_TO_32_BIT_CONVERSION = YES;
				GCC_WARN_ABOUT_RETURN_TYPE = YES_ERROR;
				GCC_WARN_UNDECLARED_SELECTOR = YES;
				GCC_WARN_UNINITIALIZED_AUTOS = YES_AGGRESSIVE;
				GCC_WARN_UNUSED_FUNCTION = YES;
				GCC_WARN_UNUSED_VARIABLE = YES;
				IPHONEOS_DEPLOYMENT_TARGET = 9.3;
				MTL_ENABLE_DEBUG_INFO = NO;
				SDKROOT = iphoneos;
				SUPPORTED_PLATFORMS = "iphonesimulator iphoneos";
				VALIDATE_PRODUCT = YES;
			};
			name = Release;
		};
		A24B082A1D1EB455007B2935 /* Debug */ = {
			isa = XCBuildConfiguration;
			baseConfigurationReference = 82807482CB38519757106459 /* Pods-Geervani.debug.xcconfig */;
			buildSettings = {
				ASSETCATALOG_COMPILER_APPICON_NAME = AppIcon;
				CODE_SIGN_IDENTITY = "iPhone Developer";
				"CODE_SIGN_IDENTITY[sdk=iphoneos*]" = "iPhone Developer";
				CODE_SIGN_STYLE = Automatic;
				DEVELOPMENT_TEAM = "";
				ENABLE_BITCODE = NO;
				FRAMEWORK_SEARCH_PATHS = (
					"$(inherited)",
					"$(PROJECT_DIR)/Geervani/GoogleMobileAdsSdkiOS-7.26.0",
				);
				INFOPLIST_FILE = Geervani/Info.plist;
				IPHONEOS_DEPLOYMENT_TARGET = 9.2;
				LD_RUNPATH_SEARCH_PATHS = "$(inherited) @executable_path/Frameworks";
				NEW_SETTING = "";
				PRODUCT_BUNDLE_IDENTIFIER = com.abheri.geervani.debug;
				PRODUCT_NAME = "$(TARGET_NAME)";
				PROVISIONING_PROFILE = "";
				PROVISIONING_PROFILE_SPECIFIER = "";
				SWIFT_VERSION = 3.0;
			};
			name = Debug;
		};
		A24B082B1D1EB455007B2935 /* Release */ = {
			isa = XCBuildConfiguration;
			baseConfigurationReference = AB9CF2D42777B2FC47809A01 /* Pods-Geervani.release.xcconfig */;
			buildSettings = {
				ASSETCATALOG_COMPILER_APPICON_NAME = AppIcon;
				CODE_SIGN_IDENTITY = "iPhone Developer";
				"CODE_SIGN_IDENTITY[sdk=iphoneos*]" = "iPhone Developer";
				CODE_SIGN_STYLE = Automatic;
				DEVELOPMENT_TEAM = "";
				ENABLE_BITCODE = NO;
				FRAMEWORK_SEARCH_PATHS = (
					"$(inherited)",
					"$(PROJECT_DIR)/Geervani/GoogleMobileAdsSdkiOS-7.26.0",
				);
				INFOPLIST_FILE = Geervani/Info.plist;
				IPHONEOS_DEPLOYMENT_TARGET = 9.2;
				LD_RUNPATH_SEARCH_PATHS = "$(inherited) @executable_path/Frameworks";
				NEW_SETTING = "";
				PRODUCT_BUNDLE_IDENTIFIER = com.abheri.geervani.debug;
				PRODUCT_NAME = "$(TARGET_NAME)";
				PROVISIONING_PROFILE = "";
				PROVISIONING_PROFILE_SPECIFIER = "";
				SWIFT_VERSION = 3.0;
			};
			name = Release;
		};
		A24B082D1D1EB455007B2935 /* Debug */ = {
			isa = XCBuildConfiguration;
			baseConfigurationReference = FB72EDA5F92C6C4E5BA10135 /* Pods-GeervaniTests.debug.xcconfig */;
			buildSettings = {
				BUNDLE_LOADER = "$(TEST_HOST)";
				INFOPLIST_FILE = GeervaniTests/Info.plist;
				LD_RUNPATH_SEARCH_PATHS = "$(inherited) @executable_path/Frameworks @loader_path/Frameworks";
				PRODUCT_BUNDLE_IDENTIFIER = abheri.GeervaniTests;
				PRODUCT_NAME = "$(TARGET_NAME)";
				SWIFT_VERSION = 3.0;
				TEST_HOST = "$(BUILT_PRODUCTS_DIR)/Geervani.app/Geervani";
			};
			name = Debug;
		};
		A24B082E1D1EB455007B2935 /* Release */ = {
			isa = XCBuildConfiguration;
			baseConfigurationReference = 4591D99F954B6F8CD835BB2E /* Pods-GeervaniTests.release.xcconfig */;
			buildSettings = {
				BUNDLE_LOADER = "$(TEST_HOST)";
				INFOPLIST_FILE = GeervaniTests/Info.plist;
				LD_RUNPATH_SEARCH_PATHS = "$(inherited) @executable_path/Frameworks @loader_path/Frameworks";
				PRODUCT_BUNDLE_IDENTIFIER = abheri.GeervaniTests;
				PRODUCT_NAME = "$(TARGET_NAME)";
				SWIFT_VERSION = 3.0;
				TEST_HOST = "$(BUILT_PRODUCTS_DIR)/Geervani.app/Geervani";
			};
			name = Release;
		};
		A24B08301D1EB455007B2935 /* Debug */ = {
			isa = XCBuildConfiguration;
			baseConfigurationReference = FE6109C9B1ADAF596E3CF2CD /* Pods-GeervaniUITests.debug.xcconfig */;
			buildSettings = {
				INFOPLIST_FILE = GeervaniUITests/Info.plist;
				LD_RUNPATH_SEARCH_PATHS = "$(inherited) @executable_path/Frameworks @loader_path/Frameworks";
				PRODUCT_BUNDLE_IDENTIFIER = abheri.GeervaniUITests;
				PRODUCT_NAME = "$(TARGET_NAME)";
				SWIFT_VERSION = 3.0;
				TEST_TARGET_NAME = Geervani;
			};
			name = Debug;
		};
		A24B08311D1EB455007B2935 /* Release */ = {
			isa = XCBuildConfiguration;
			baseConfigurationReference = 78C6A04EBF92EC420BB49315 /* Pods-GeervaniUITests.release.xcconfig */;
			buildSettings = {
				INFOPLIST_FILE = GeervaniUITests/Info.plist;
				LD_RUNPATH_SEARCH_PATHS = "$(inherited) @executable_path/Frameworks @loader_path/Frameworks";
				PRODUCT_BUNDLE_IDENTIFIER = abheri.GeervaniUITests;
				PRODUCT_NAME = "$(TARGET_NAME)";
				SWIFT_VERSION = 3.0;
				TEST_TARGET_NAME = Geervani;
			};
			name = Release;
		};
/* End XCBuildConfiguration section */

/* Begin XCConfigurationList section */
		A24B07FC1D1EB455007B2935 /* Build configuration list for PBXProject "Geervani" */ = {
			isa = XCConfigurationList;
			buildConfigurations = (
				A24B08271D1EB455007B2935 /* Debug */,
				A24B08281D1EB455007B2935 /* Release */,
			);
			defaultConfigurationIsVisible = 0;
			defaultConfigurationName = Release;
		};
		A24B08291D1EB455007B2935 /* Build configuration list for PBXNativeTarget "Geervani" */ = {
			isa = XCConfigurationList;
			buildConfigurations = (
				A24B082A1D1EB455007B2935 /* Debug */,
				A24B082B1D1EB455007B2935 /* Release */,
			);
			defaultConfigurationIsVisible = 0;
			defaultConfigurationName = Release;
		};
		A24B082C1D1EB455007B2935 /* Build configuration list for PBXNativeTarget "GeervaniTests" */ = {
			isa = XCConfigurationList;
			buildConfigurations = (
				A24B082D1D1EB455007B2935 /* Debug */,
				A24B082E1D1EB455007B2935 /* Release */,
			);
			defaultConfigurationIsVisible = 0;
			defaultConfigurationName = Release;
		};
		A24B082F1D1EB455007B2935 /* Build configuration list for PBXNativeTarget "GeervaniUITests" */ = {
			isa = XCConfigurationList;
			buildConfigurations = (
				A24B08301D1EB455007B2935 /* Debug */,
				A24B08311D1EB455007B2935 /* Release */,
			);
			defaultConfigurationIsVisible = 0;
			defaultConfigurationName = Release;
		};
/* End XCConfigurationList section */
	};
	rootObject = A24B07F91D1EB455007B2935 /* Project object */;
}
